// !$*UTF8*$!
{
	archiveVersion = 1;
	classes = {
	};
	objectVersion = 46;
	objects = {

/* Begin PBXBuildFile section */
		2E0A397B18DA1B15001A3068 /* Scene.cpp in Sources */ = {isa = PBXBuildFile; fileRef = 2EFA889418D8FD4D0044D329 /* Scene.cpp */; };
		2E0A397C18DA1B15001A3068 /* Scene.h in Sources */ = {isa = PBXBuildFile; fileRef = 2EFA889518D8FD4D0044D329 /* Scene.h */; };
		2E0A397E18DA22E9001A3068 /* SkeletonDataObject.h in Sources */ = {isa = PBXBuildFile; fileRef = 2E0A397D18DA22E9001A3068 /* SkeletonDataObject.h */; };
		2E39E53418DDF27C00AE3200 /* Legs.cpp in Sources */ = {isa = PBXBuildFile; fileRef = 2E39E53218DDF27C00AE3200 /* Legs.cpp */; };
		2E39E53718DE181800AE3200 /* UpperArm.cpp in Sources */ = {isa = PBXBuildFile; fileRef = 2E39E53518DE181800AE3200 /* UpperArm.cpp */; };
		2E39E53A18DE1E6900AE3200 /* Forearm.cpp in Sources */ = {isa = PBXBuildFile; fileRef = 2E39E53818DE1E6900AE3200 /* Forearm.cpp */; };
		2E39E53D18DE66EB00AE3200 /* Hand.cpp in Sources */ = {isa = PBXBuildFile; fileRef = 2E39E53B18DE66EB00AE3200 /* Hand.cpp */; };
		2E42460418DA59C10051F595 /* testApp.h in Sources */ = {isa = PBXBuildFile; fileRef = E4B69E1F0A3A1BDC003C02F2 /* testApp.h */; };
		2E4E837218DA25E200DDDD35 /* KinectManager.cpp in Sources */ = {isa = PBXBuildFile; fileRef = 2EFA888B18D8FD4D0044D329 /* KinectManager.cpp */; };
		2E4E837318DA25E200DDDD35 /* KinectManager.h in Sources */ = {isa = PBXBuildFile; fileRef = 2EFA888C18D8FD4D0044D329 /* KinectManager.h */; };
		2E9FD01518DCC92200625532 /* ofxAssimpAnimation.cpp in Sources */ = {isa = PBXBuildFile; fileRef = 2E9FCFE118DCC92200625532 /* ofxAssimpAnimation.cpp */; };
		2E9FD01618DCC92200625532 /* ofxAssimpMeshHelper.cpp in Sources */ = {isa = PBXBuildFile; fileRef = 2E9FCFE318DCC92200625532 /* ofxAssimpMeshHelper.cpp */; };
		2E9FD01718DCC92200625532 /* ofxAssimpModelLoader.cpp in Sources */ = {isa = PBXBuildFile; fileRef = 2E9FCFE518DCC92200625532 /* ofxAssimpModelLoader.cpp */; };
		2E9FD01818DCC92200625532 /* ofxAssimpTexture.cpp in Sources */ = {isa = PBXBuildFile; fileRef = 2E9FCFE718DCC92200625532 /* ofxAssimpTexture.cpp */; };
		2E9FD01918DCC92200625532 /* assimp.a in Frameworks */ = {isa = PBXBuildFile; fileRef = 2E9FD01418DCC92200625532 /* assimp.a */; };
		2E9FD01B18DCCCE000625532 /* BodyPart.cpp in Sources */ = {isa = PBXBuildFile; fileRef = 2E9FCFDD18DCC84000625532 /* BodyPart.cpp */; };
		2E9FD01C18DCCCE000625532 /* BodyPart.h in Sources */ = {isa = PBXBuildFile; fileRef = 2E9FCFDE18DCC84000625532 /* BodyPart.h */; };
		2E9FD01F18DD183A00625532 /* Torso.cpp in Sources */ = {isa = PBXBuildFile; fileRef = 2E9FD01D18DD183A00625532 /* Torso.cpp */; };
		2E9FD02818DDDD2300625532 /* Abdomen.cpp in Sources */ = {isa = PBXBuildFile; fileRef = 2E9FD02018DDDD2300625532 /* Abdomen.cpp */; };
		2EB412FD18DF2801004A98AC /* Torso.h in Sources */ = {isa = PBXBuildFile; fileRef = 2E9FD01E18DD183A00625532 /* Torso.h */; };
		2EB412FE18DF2801004A98AC /* Abdomen.h in Sources */ = {isa = PBXBuildFile; fileRef = 2E9FD02118DDDD2300625532 /* Abdomen.h */; };
		2EB412FF18DF2801004A98AC /* Legs.h in Sources */ = {isa = PBXBuildFile; fileRef = 2E39E53318DDF27C00AE3200 /* Legs.h */; };
		2EB4130018DF2801004A98AC /* UpperArm.h in Sources */ = {isa = PBXBuildFile; fileRef = 2E39E53618DE181800AE3200 /* UpperArm.h */; };
		2EB4130118DF2801004A98AC /* Forearm.h in Sources */ = {isa = PBXBuildFile; fileRef = 2E39E53918DE1E6900AE3200 /* Forearm.h */; };
		2EB4130218DF2801004A98AC /* Hand.h in Sources */ = {isa = PBXBuildFile; fileRef = 2E39E53C18DE66EB00AE3200 /* Hand.h */; };
		2EFA88C818D8FD550044D329 /* ofxXmlSettings.cpp in Sources */ = {isa = PBXBuildFile; fileRef = 2EFA88C118D8FD550044D329 /* ofxXmlSettings.cpp */; };
		2EFA88C918D8FD550044D329 /* tinyxml.cpp in Sources */ = {isa = PBXBuildFile; fileRef = 2EFA88C418D8FD550044D329 /* tinyxml.cpp */; };
		2EFA88CA18D8FD550044D329 /* tinyxmlerror.cpp in Sources */ = {isa = PBXBuildFile; fileRef = 2EFA88C618D8FD550044D329 /* tinyxmlerror.cpp */; };
		2EFA88CB18D8FD550044D329 /* tinyxmlparser.cpp in Sources */ = {isa = PBXBuildFile; fileRef = 2EFA88C718D8FD550044D329 /* tinyxmlparser.cpp */; };
		2EFA88CC18D904700044D329 /* ofxSkeletonRecorder.cpp in Sources */ = {isa = PBXBuildFile; fileRef = 2EFA888F18D8FD4D0044D329 /* ofxSkeletonRecorder.cpp */; };
		2EFA88CD18D904700044D329 /* ofxSkeletonRecorder.h in Sources */ = {isa = PBXBuildFile; fileRef = 2EFA889018D8FD4D0044D329 /* ofxSkeletonRecorder.h */; };
		2EFA88D018D905790044D329 /* GUI.cpp in Sources */ = {isa = PBXBuildFile; fileRef = 2EFA888618D8FD4D0044D329 /* GUI.cpp */; };
		2EFA88D118D905790044D329 /* GUI.h in Sources */ = {isa = PBXBuildFile; fileRef = 2EFA888718D8FD4D0044D329 /* GUI.h */; };
		2EFA88D218D905790044D329 /* GUIManager.cpp in Sources */ = {isa = PBXBuildFile; fileRef = 2EFA888818D8FD4D0044D329 /* GUIManager.cpp */; };
		2EFA88D318D905790044D329 /* GUIManager.h in Sources */ = {isa = PBXBuildFile; fileRef = 2EFA888918D8FD4D0044D329 /* GUIManager.h */; };
		2EFA89BD18D9294E0044D329 /* ofxUI2DGraph.cpp in Sources */ = {isa = PBXBuildFile; fileRef = 2EFA896018D9294D0044D329 /* ofxUI2DGraph.cpp */; };
		2EFA89BE18D9294E0044D329 /* ofxUI2DPad.cpp in Sources */ = {isa = PBXBuildFile; fileRef = 2EFA896218D9294D0044D329 /* ofxUI2DPad.cpp */; };
		2EFA89BF18D9294E0044D329 /* ofxUIBaseDraws.cpp in Sources */ = {isa = PBXBuildFile; fileRef = 2EFA896418D9294D0044D329 /* ofxUIBaseDraws.cpp */; };
		2EFA89C018D9294E0044D329 /* ofxUIBiLabelSlider.cpp in Sources */ = {isa = PBXBuildFile; fileRef = 2EFA896618D9294D0044D329 /* ofxUIBiLabelSlider.cpp */; };
		2EFA89C118D9294E0044D329 /* ofxUIButton.cpp in Sources */ = {isa = PBXBuildFile; fileRef = 2EFA896818D9294D0044D329 /* ofxUIButton.cpp */; };
		2EFA89C218D9294E0044D329 /* ofxUICanvas.cpp in Sources */ = {isa = PBXBuildFile; fileRef = 2EFA896A18D9294D0044D329 /* ofxUICanvas.cpp */; };
		2EFA89C318D9294E0044D329 /* ofxUICircleSlider.cpp in Sources */ = {isa = PBXBuildFile; fileRef = 2EFA896C18D9294D0044D329 /* ofxUICircleSlider.cpp */; };
		2EFA89C418D9294E0044D329 /* ofxUIDragableLabelButton.cpp in Sources */ = {isa = PBXBuildFile; fileRef = 2EFA896F18D9294D0044D329 /* ofxUIDragableLabelButton.cpp */; };
		2EFA89C518D9294E0044D329 /* ofxUIDropDownList.cpp in Sources */ = {isa = PBXBuildFile; fileRef = 2EFA897118D9294D0044D329 /* ofxUIDropDownList.cpp */; };
		2EFA89C618D9294E0044D329 /* ofxUIEventArgs.cpp in Sources */ = {isa = PBXBuildFile; fileRef = 2EFA897318D9294D0044D329 /* ofxUIEventArgs.cpp */; };
		2EFA89C718D9294E0044D329 /* ofxUIFPS.cpp in Sources */ = {isa = PBXBuildFile; fileRef = 2EFA897518D9294D0044D329 /* ofxUIFPS.cpp */; };
		2EFA89C818D9294E0044D329 /* ofxUIFPSSlider.cpp in Sources */ = {isa = PBXBuildFile; fileRef = 2EFA897718D9294D0044D329 /* ofxUIFPSSlider.cpp */; };
		2EFA89C918D9294E0044D329 /* ofxUIImage.cpp in Sources */ = {isa = PBXBuildFile; fileRef = 2EFA897918D9294D0044D329 /* ofxUIImage.cpp */; };
		2EFA89CA18D9294E0044D329 /* ofxUIImageButton.cpp in Sources */ = {isa = PBXBuildFile; fileRef = 2EFA897B18D9294D0044D329 /* ofxUIImageButton.cpp */; };
		2EFA89CB18D9294E0044D329 /* ofxUIImageSampler.cpp in Sources */ = {isa = PBXBuildFile; fileRef = 2EFA897D18D9294D0044D329 /* ofxUIImageSampler.cpp */; };
		2EFA89CC18D9294E0044D329 /* ofxUIImageSlider.cpp in Sources */ = {isa = PBXBuildFile; fileRef = 2EFA897F18D9294D0044D329 /* ofxUIImageSlider.cpp */; };
		2EFA89CD18D9294E0044D329 /* ofxUIImageToggle.cpp in Sources */ = {isa = PBXBuildFile; fileRef = 2EFA898118D9294D0044D329 /* ofxUIImageToggle.cpp */; };
		2EFA89CE18D9294E0044D329 /* ofxUILabel.cpp in Sources */ = {isa = PBXBuildFile; fileRef = 2EFA898318D9294D0044D329 /* ofxUILabel.cpp */; };
		2EFA89CF18D9294E0044D329 /* ofxUILabelButton.cpp in Sources */ = {isa = PBXBuildFile; fileRef = 2EFA898518D9294D0044D329 /* ofxUILabelButton.cpp */; };
		2EFA89D018D9294E0044D329 /* ofxUILabelToggle.cpp in Sources */ = {isa = PBXBuildFile; fileRef = 2EFA898718D9294D0044D329 /* ofxUILabelToggle.cpp */; };
		2EFA89D118D9294E0044D329 /* ofxUIMinimalSlider.cpp in Sources */ = {isa = PBXBuildFile; fileRef = 2EFA898918D9294D0044D329 /* ofxUIMinimalSlider.cpp */; };
		2EFA89D218D9294E0044D329 /* ofxUIMovingGraph.cpp in Sources */ = {isa = PBXBuildFile; fileRef = 2EFA898B18D9294D0044D329 /* ofxUIMovingGraph.cpp */; };
		2EFA89D318D9294E0044D329 /* ofxUIMultiImageButton.cpp in Sources */ = {isa = PBXBuildFile; fileRef = 2EFA898D18D9294D0044D329 /* ofxUIMultiImageButton.cpp */; };
		2EFA89D418D9294E0044D329 /* ofxUIMultiImageToggle.cpp in Sources */ = {isa = PBXBuildFile; fileRef = 2EFA898F18D9294D0044D329 /* ofxUIMultiImageToggle.cpp */; };
		2EFA89D518D9294E0044D329 /* ofxUINumberDialer.cpp in Sources */ = {isa = PBXBuildFile; fileRef = 2EFA899118D9294D0044D329 /* ofxUINumberDialer.cpp */; };
		2EFA89D618D9294E0044D329 /* ofxUIRadio.cpp in Sources */ = {isa = PBXBuildFile; fileRef = 2EFA899418D9294D0044D329 /* ofxUIRadio.cpp */; };
		2EFA89D718D9294E0044D329 /* ofxUIRangeSlider.cpp in Sources */ = {isa = PBXBuildFile; fileRef = 2EFA899618D9294D0044D329 /* ofxUIRangeSlider.cpp */; };
		2EFA89D818D9294E0044D329 /* ofxUIRectangle.cpp in Sources */ = {isa = PBXBuildFile; fileRef = 2EFA899818D9294D0044D329 /* ofxUIRectangle.cpp */; };
		2EFA89D918D9294E0044D329 /* ofxUIRotarySlider.cpp in Sources */ = {isa = PBXBuildFile; fileRef = 2EFA899A18D9294D0044D329 /* ofxUIRotarySlider.cpp */; };
		2EFA89DA18D9294E0044D329 /* ofxUIScrollableCanvas.cpp in Sources */ = {isa = PBXBuildFile; fileRef = 2EFA899C18D9294D0044D329 /* ofxUIScrollableCanvas.cpp */; };
		2EFA89DB18D9294E0044D329 /* ofxUISlider.cpp in Sources */ = {isa = PBXBuildFile; fileRef = 2EFA899E18D9294D0044D329 /* ofxUISlider.cpp */; };
		2EFA89DC18D9294E0044D329 /* ofxUISortableList.cpp in Sources */ = {isa = PBXBuildFile; fileRef = 2EFA89A018D9294D0044D329 /* ofxUISortableList.cpp */; };
		2EFA89DD18D9294E0044D329 /* ofxUISpacer.cpp in Sources */ = {isa = PBXBuildFile; fileRef = 2EFA89A218D9294D0044D329 /* ofxUISpacer.cpp */; };
		2EFA89DE18D9294E0044D329 /* ofxUISpectrum.cpp in Sources */ = {isa = PBXBuildFile; fileRef = 2EFA89A418D9294D0044D329 /* ofxUISpectrum.cpp */; };
		2EFA89DF18D9294E0044D329 /* ofxUISuperCanvas.cpp in Sources */ = {isa = PBXBuildFile; fileRef = 2EFA89A618D9294D0044D329 /* ofxUISuperCanvas.cpp */; };
		2EFA89E018D9294E0044D329 /* ofxUITabBar.cpp in Sources */ = {isa = PBXBuildFile; fileRef = 2EFA89A818D9294D0044D329 /* ofxUITabBar.cpp */; };
		2EFA89E118D9294E0044D329 /* ofxUITextArea.cpp in Sources */ = {isa = PBXBuildFile; fileRef = 2EFA89AA18D9294D0044D329 /* ofxUITextArea.cpp */; };
		2EFA89E218D9294E0044D329 /* ofxUITextInput.cpp in Sources */ = {isa = PBXBuildFile; fileRef = 2EFA89AC18D9294E0044D329 /* ofxUITextInput.cpp */; };
		2EFA89E318D9294E0044D329 /* ofxUIToggle.cpp in Sources */ = {isa = PBXBuildFile; fileRef = 2EFA89AE18D9294E0044D329 /* ofxUIToggle.cpp */; };
		2EFA89E418D9294E0044D329 /* ofxUIToggleMatrix.cpp in Sources */ = {isa = PBXBuildFile; fileRef = 2EFA89B018D9294E0044D329 /* ofxUIToggleMatrix.cpp */; };
		2EFA89E518D9294E0044D329 /* ofxUIValuePlotter.cpp in Sources */ = {isa = PBXBuildFile; fileRef = 2EFA89B318D9294E0044D329 /* ofxUIValuePlotter.cpp */; };
		2EFA89E618D9294E0044D329 /* ofxUIWaveform.cpp in Sources */ = {isa = PBXBuildFile; fileRef = 2EFA89B518D9294E0044D329 /* ofxUIWaveform.cpp */; };
		2EFA89E718D9294E0044D329 /* ofxUIWidget.cpp in Sources */ = {isa = PBXBuildFile; fileRef = 2EFA89B718D9294E0044D329 /* ofxUIWidget.cpp */; };
		2EFA89E818D9294E0044D329 /* ofxUIWidgetWithLabel.cpp in Sources */ = {isa = PBXBuildFile; fileRef = 2EFA89BA18D9294E0044D329 /* ofxUIWidgetWithLabel.cpp */; };
		BBAB23CB13894F3D00AA2426 /* GLUT.framework in CopyFiles */ = {isa = PBXBuildFile; fileRef = BBAB23BE13894E4700AA2426 /* GLUT.framework */; };
		E4328149138ABC9F0047C5CB /* openFrameworksDebug.a in Frameworks */ = {isa = PBXBuildFile; fileRef = E4328148138ABC890047C5CB /* openFrameworksDebug.a */; };
		E45BE97B0E8CC7DD009D7055 /* AGL.framework in Frameworks */ = {isa = PBXBuildFile; fileRef = E45BE9710E8CC7DD009D7055 /* AGL.framework */; };
		E45BE97C0E8CC7DD009D7055 /* ApplicationServices.framework in Frameworks */ = {isa = PBXBuildFile; fileRef = E45BE9720E8CC7DD009D7055 /* ApplicationServices.framework */; };
		E45BE97D0E8CC7DD009D7055 /* AudioToolbox.framework in Frameworks */ = {isa = PBXBuildFile; fileRef = E45BE9730E8CC7DD009D7055 /* AudioToolbox.framework */; };
		E45BE97E0E8CC7DD009D7055 /* Carbon.framework in Frameworks */ = {isa = PBXBuildFile; fileRef = E45BE9740E8CC7DD009D7055 /* Carbon.framework */; };
		E45BE97F0E8CC7DD009D7055 /* CoreAudio.framework in Frameworks */ = {isa = PBXBuildFile; fileRef = E45BE9750E8CC7DD009D7055 /* CoreAudio.framework */; };
		E45BE9800E8CC7DD009D7055 /* CoreFoundation.framework in Frameworks */ = {isa = PBXBuildFile; fileRef = E45BE9760E8CC7DD009D7055 /* CoreFoundation.framework */; };
		E45BE9810E8CC7DD009D7055 /* CoreServices.framework in Frameworks */ = {isa = PBXBuildFile; fileRef = E45BE9770E8CC7DD009D7055 /* CoreServices.framework */; };
		E45BE9830E8CC7DD009D7055 /* OpenGL.framework in Frameworks */ = {isa = PBXBuildFile; fileRef = E45BE9790E8CC7DD009D7055 /* OpenGL.framework */; };
		E45BE9840E8CC7DD009D7055 /* QuickTime.framework in Frameworks */ = {isa = PBXBuildFile; fileRef = E45BE97A0E8CC7DD009D7055 /* QuickTime.framework */; };
		E4B69E200A3A1BDC003C02F2 /* main.cpp in Sources */ = {isa = PBXBuildFile; fileRef = E4B69E1D0A3A1BDC003C02F2 /* main.cpp */; };
		E4B69E210A3A1BDC003C02F2 /* testApp.cpp in Sources */ = {isa = PBXBuildFile; fileRef = E4B69E1E0A3A1BDC003C02F2 /* testApp.cpp */; };
		E4C2424710CC5A17004149E2 /* AppKit.framework in Frameworks */ = {isa = PBXBuildFile; fileRef = E4C2424410CC5A17004149E2 /* AppKit.framework */; };
		E4C2424810CC5A17004149E2 /* Cocoa.framework in Frameworks */ = {isa = PBXBuildFile; fileRef = E4C2424510CC5A17004149E2 /* Cocoa.framework */; };
		E4C2424910CC5A17004149E2 /* IOKit.framework in Frameworks */ = {isa = PBXBuildFile; fileRef = E4C2424610CC5A17004149E2 /* IOKit.framework */; };
		E4EB6799138ADC1D00A09F29 /* GLUT.framework in Frameworks */ = {isa = PBXBuildFile; fileRef = BBAB23BE13894E4700AA2426 /* GLUT.framework */; };
		E7E077E515D3B63C0020DFD4 /* CoreVideo.framework in Frameworks */ = {isa = PBXBuildFile; fileRef = E7E077E415D3B63C0020DFD4 /* CoreVideo.framework */; };
		E7E077E815D3B6510020DFD4 /* QTKit.framework in Frameworks */ = {isa = PBXBuildFile; fileRef = E7E077E715D3B6510020DFD4 /* QTKit.framework */; };
		E7F985F815E0DEA3003869B5 /* Accelerate.framework in Frameworks */ = {isa = PBXBuildFile; fileRef = E7F985F515E0DE99003869B5 /* Accelerate.framework */; };
/* End PBXBuildFile section */

/* Begin PBXContainerItemProxy section */
		E4328147138ABC890047C5CB /* PBXContainerItemProxy */ = {
			isa = PBXContainerItemProxy;
			containerPortal = E4328143138ABC890047C5CB /* openFrameworksLib.xcodeproj */;
			proxyType = 2;
			remoteGlobalIDString = E4B27C1510CBEB8E00536013;
			remoteInfo = openFrameworks;
		};
		E4EEB9AB138B136A00A80321 /* PBXContainerItemProxy */ = {
			isa = PBXContainerItemProxy;
			containerPortal = E4328143138ABC890047C5CB /* openFrameworksLib.xcodeproj */;
			proxyType = 1;
			remoteGlobalIDString = E4B27C1410CBEB8E00536013;
			remoteInfo = openFrameworks;
		};
/* End PBXContainerItemProxy section */

/* Begin PBXCopyFilesBuildPhase section */
		E4C2427710CC5ABF004149E2 /* CopyFiles */ = {
			isa = PBXCopyFilesBuildPhase;
			buildActionMask = 2147483647;
			dstPath = "";
			dstSubfolderSpec = 10;
			files = (
				BBAB23CB13894F3D00AA2426 /* GLUT.framework in CopyFiles */,
			);
			runOnlyForDeploymentPostprocessing = 0;
		};
/* End PBXCopyFilesBuildPhase section */

/* Begin PBXFileReference section */
		2E0A397D18DA22E9001A3068 /* SkeletonDataObject.h */ = {isa = PBXFileReference; fileEncoding = 4; lastKnownFileType = sourcecode.c.h; path = SkeletonDataObject.h; sourceTree = "<group>"; };
		2E39E53218DDF27C00AE3200 /* Legs.cpp */ = {isa = PBXFileReference; fileEncoding = 4; lastKnownFileType = sourcecode.cpp.cpp; path = Legs.cpp; sourceTree = "<group>"; };
		2E39E53318DDF27C00AE3200 /* Legs.h */ = {isa = PBXFileReference; fileEncoding = 4; lastKnownFileType = sourcecode.c.h; path = Legs.h; sourceTree = "<group>"; };
		2E39E53518DE181800AE3200 /* UpperArm.cpp */ = {isa = PBXFileReference; fileEncoding = 4; lastKnownFileType = sourcecode.cpp.cpp; path = UpperArm.cpp; sourceTree = "<group>"; };
		2E39E53618DE181800AE3200 /* UpperArm.h */ = {isa = PBXFileReference; fileEncoding = 4; lastKnownFileType = sourcecode.c.h; path = UpperArm.h; sourceTree = "<group>"; };
		2E39E53818DE1E6900AE3200 /* Forearm.cpp */ = {isa = PBXFileReference; fileEncoding = 4; lastKnownFileType = sourcecode.cpp.cpp; path = Forearm.cpp; sourceTree = "<group>"; };
		2E39E53918DE1E6900AE3200 /* Forearm.h */ = {isa = PBXFileReference; fileEncoding = 4; lastKnownFileType = sourcecode.c.h; path = Forearm.h; sourceTree = "<group>"; };
		2E39E53B18DE66EB00AE3200 /* Hand.cpp */ = {isa = PBXFileReference; fileEncoding = 4; lastKnownFileType = sourcecode.cpp.cpp; path = Hand.cpp; sourceTree = "<group>"; };
		2E39E53C18DE66EB00AE3200 /* Hand.h */ = {isa = PBXFileReference; fileEncoding = 4; lastKnownFileType = sourcecode.c.h; path = Hand.h; sourceTree = "<group>"; };
		2E9FCFDD18DCC84000625532 /* BodyPart.cpp */ = {isa = PBXFileReference; lastKnownFileType = sourcecode.cpp.cpp; path = BodyPart.cpp; sourceTree = "<group>"; };
		2E9FCFDE18DCC84000625532 /* BodyPart.h */ = {isa = PBXFileReference; lastKnownFileType = sourcecode.c.h; path = BodyPart.h; sourceTree = "<group>"; };
		2E9FCFE118DCC92200625532 /* ofxAssimpAnimation.cpp */ = {isa = PBXFileReference; lastKnownFileType = sourcecode.cpp.cpp; path = ofxAssimpAnimation.cpp; sourceTree = "<group>"; };
		2E9FCFE218DCC92200625532 /* ofxAssimpAnimation.h */ = {isa = PBXFileReference; lastKnownFileType = sourcecode.c.h; path = ofxAssimpAnimation.h; sourceTree = "<group>"; };
		2E9FCFE318DCC92200625532 /* ofxAssimpMeshHelper.cpp */ = {isa = PBXFileReference; lastKnownFileType = sourcecode.cpp.cpp; path = ofxAssimpMeshHelper.cpp; sourceTree = "<group>"; };
		2E9FCFE418DCC92200625532 /* ofxAssimpMeshHelper.h */ = {isa = PBXFileReference; lastKnownFileType = sourcecode.c.h; path = ofxAssimpMeshHelper.h; sourceTree = "<group>"; };
		2E9FCFE518DCC92200625532 /* ofxAssimpModelLoader.cpp */ = {isa = PBXFileReference; lastKnownFileType = sourcecode.cpp.cpp; path = ofxAssimpModelLoader.cpp; sourceTree = "<group>"; };
		2E9FCFE618DCC92200625532 /* ofxAssimpModelLoader.h */ = {isa = PBXFileReference; lastKnownFileType = sourcecode.c.h; path = ofxAssimpModelLoader.h; sourceTree = "<group>"; };
		2E9FCFE718DCC92200625532 /* ofxAssimpTexture.cpp */ = {isa = PBXFileReference; lastKnownFileType = sourcecode.cpp.cpp; path = ofxAssimpTexture.cpp; sourceTree = "<group>"; };
		2E9FCFE818DCC92200625532 /* ofxAssimpTexture.h */ = {isa = PBXFileReference; lastKnownFileType = sourcecode.c.h; path = ofxAssimpTexture.h; sourceTree = "<group>"; };
		2E9FCFE918DCC92200625532 /* ofxAssimpUtils.h */ = {isa = PBXFileReference; lastKnownFileType = sourcecode.c.h; path = ofxAssimpUtils.h; sourceTree = "<group>"; };
		2E9FCFED18DCC92200625532 /* aiAnim.h */ = {isa = PBXFileReference; lastKnownFileType = sourcecode.c.h; path = aiAnim.h; sourceTree = "<group>"; };
		2E9FCFEE18DCC92200625532 /* aiAssert.h */ = {isa = PBXFileReference; lastKnownFileType = sourcecode.c.h; path = aiAssert.h; sourceTree = "<group>"; };
		2E9FCFEF18DCC92200625532 /* aiCamera.h */ = {isa = PBXFileReference; lastKnownFileType = sourcecode.c.h; path = aiCamera.h; sourceTree = "<group>"; };
		2E9FCFF018DCC92200625532 /* aiColor4D.h */ = {isa = PBXFileReference; lastKnownFileType = sourcecode.c.h; path = aiColor4D.h; sourceTree = "<group>"; };
		2E9FCFF118DCC92200625532 /* aiColor4D.inl */ = {isa = PBXFileReference; lastKnownFileType = text; path = aiColor4D.inl; sourceTree = "<group>"; };
		2E9FCFF218DCC92200625532 /* aiConfig.h */ = {isa = PBXFileReference; lastKnownFileType = sourcecode.c.h; path = aiConfig.h; sourceTree = "<group>"; };
		2E9FCFF318DCC92200625532 /* aiDefines.h */ = {isa = PBXFileReference; lastKnownFileType = sourcecode.c.h; path = aiDefines.h; sourceTree = "<group>"; };
		2E9FCFF418DCC92200625532 /* aiFileIO.h */ = {isa = PBXFileReference; lastKnownFileType = sourcecode.c.h; path = aiFileIO.h; sourceTree = "<group>"; };
		2E9FCFF518DCC92200625532 /* aiLight.h */ = {isa = PBXFileReference; lastKnownFileType = sourcecode.c.h; path = aiLight.h; sourceTree = "<group>"; };
		2E9FCFF618DCC92200625532 /* aiMaterial.h */ = {isa = PBXFileReference; lastKnownFileType = sourcecode.c.h; path = aiMaterial.h; sourceTree = "<group>"; };
		2E9FCFF718DCC92200625532 /* aiMaterial.inl */ = {isa = PBXFileReference; lastKnownFileType = text; path = aiMaterial.inl; sourceTree = "<group>"; };
		2E9FCFF818DCC92200625532 /* aiMatrix3x3.h */ = {isa = PBXFileReference; lastKnownFileType = sourcecode.c.h; path = aiMatrix3x3.h; sourceTree = "<group>"; };
		2E9FCFF918DCC92200625532 /* aiMatrix3x3.inl */ = {isa = PBXFileReference; lastKnownFileType = text; path = aiMatrix3x3.inl; sourceTree = "<group>"; };
		2E9FCFFA18DCC92200625532 /* aiMatrix4x4.h */ = {isa = PBXFileReference; lastKnownFileType = sourcecode.c.h; path = aiMatrix4x4.h; sourceTree = "<group>"; };
		2E9FCFFB18DCC92200625532 /* aiMatrix4x4.inl */ = {isa = PBXFileReference; lastKnownFileType = text; path = aiMatrix4x4.inl; sourceTree = "<group>"; };
		2E9FCFFC18DCC92200625532 /* aiMesh.h */ = {isa = PBXFileReference; lastKnownFileType = sourcecode.c.h; path = aiMesh.h; sourceTree = "<group>"; };
		2E9FCFFD18DCC92200625532 /* aiPostProcess.h */ = {isa = PBXFileReference; lastKnownFileType = sourcecode.c.h; path = aiPostProcess.h; sourceTree = "<group>"; };
		2E9FCFFE18DCC92200625532 /* aiQuaternion.h */ = {isa = PBXFileReference; lastKnownFileType = sourcecode.c.h; path = aiQuaternion.h; sourceTree = "<group>"; };
		2E9FCFFF18DCC92200625532 /* aiScene.h */ = {isa = PBXFileReference; lastKnownFileType = sourcecode.c.h; path = aiScene.h; sourceTree = "<group>"; };
		2E9FD00018DCC92200625532 /* aiTexture.h */ = {isa = PBXFileReference; lastKnownFileType = sourcecode.c.h; path = aiTexture.h; sourceTree = "<group>"; };
		2E9FD00118DCC92200625532 /* aiTypes.h */ = {isa = PBXFileReference; lastKnownFileType = sourcecode.c.h; path = aiTypes.h; sourceTree = "<group>"; };
		2E9FD00218DCC92200625532 /* aiVector2D.h */ = {isa = PBXFileReference; lastKnownFileType = sourcecode.c.h; path = aiVector2D.h; sourceTree = "<group>"; };
		2E9FD00318DCC92200625532 /* aiVector3D.h */ = {isa = PBXFileReference; lastKnownFileType = sourcecode.c.h; path = aiVector3D.h; sourceTree = "<group>"; };
		2E9FD00418DCC92200625532 /* aiVector3D.inl */ = {isa = PBXFileReference; lastKnownFileType = text; path = aiVector3D.inl; sourceTree = "<group>"; };
		2E9FD00518DCC92200625532 /* aiVersion.h */ = {isa = PBXFileReference; lastKnownFileType = sourcecode.c.h; path = aiVersion.h; sourceTree = "<group>"; };
		2E9FD00618DCC92200625532 /* assimp.h */ = {isa = PBXFileReference; lastKnownFileType = sourcecode.c.h; path = assimp.h; sourceTree = "<group>"; };
		2E9FD00718DCC92200625532 /* assimp.hpp */ = {isa = PBXFileReference; lastKnownFileType = sourcecode.cpp.h; path = assimp.hpp; sourceTree = "<group>"; };
		2E9FD00918DCC92200625532 /* poppack1.h */ = {isa = PBXFileReference; lastKnownFileType = sourcecode.c.h; path = poppack1.h; sourceTree = "<group>"; };
		2E9FD00A18DCC92200625532 /* pushpack1.h */ = {isa = PBXFileReference; lastKnownFileType = sourcecode.c.h; path = pushpack1.h; sourceTree = "<group>"; };
		2E9FD00B18DCC92200625532 /* DefaultLogger.h */ = {isa = PBXFileReference; lastKnownFileType = sourcecode.c.h; path = DefaultLogger.h; sourceTree = "<group>"; };
		2E9FD00C18DCC92200625532 /* IOStream.h */ = {isa = PBXFileReference; lastKnownFileType = sourcecode.c.h; path = IOStream.h; sourceTree = "<group>"; };
		2E9FD00D18DCC92200625532 /* IOSystem.h */ = {isa = PBXFileReference; lastKnownFileType = sourcecode.c.h; path = IOSystem.h; sourceTree = "<group>"; };
		2E9FD00E18DCC92200625532 /* Logger.h */ = {isa = PBXFileReference; lastKnownFileType = sourcecode.c.h; path = Logger.h; sourceTree = "<group>"; };
		2E9FD00F18DCC92200625532 /* LogStream.h */ = {isa = PBXFileReference; lastKnownFileType = sourcecode.c.h; path = LogStream.h; sourceTree = "<group>"; };
		2E9FD01018DCC92200625532 /* NullLogger.h */ = {isa = PBXFileReference; lastKnownFileType = sourcecode.c.h; path = NullLogger.h; sourceTree = "<group>"; };
		2E9FD01118DCC92200625532 /* ProgressHandler.h */ = {isa = PBXFileReference; lastKnownFileType = sourcecode.c.h; path = ProgressHandler.h; sourceTree = "<group>"; };
		2E9FD01418DCC92200625532 /* assimp.a */ = {isa = PBXFileReference; lastKnownFileType = archive.ar; path = assimp.a; sourceTree = "<group>"; };
		2E9FD01D18DD183A00625532 /* Torso.cpp */ = {isa = PBXFileReference; fileEncoding = 4; lastKnownFileType = sourcecode.cpp.cpp; path = Torso.cpp; sourceTree = "<group>"; };
		2E9FD01E18DD183A00625532 /* Torso.h */ = {isa = PBXFileReference; fileEncoding = 4; lastKnownFileType = sourcecode.c.h; path = Torso.h; sourceTree = "<group>"; };
		2E9FD02018DDDD2300625532 /* Abdomen.cpp */ = {isa = PBXFileReference; fileEncoding = 4; lastKnownFileType = sourcecode.cpp.cpp; path = Abdomen.cpp; sourceTree = "<group>"; };
		2E9FD02118DDDD2300625532 /* Abdomen.h */ = {isa = PBXFileReference; fileEncoding = 4; lastKnownFileType = sourcecode.c.h; path = Abdomen.h; sourceTree = "<group>"; };
		2EFA888618D8FD4D0044D329 /* GUI.cpp */ = {isa = PBXFileReference; lastKnownFileType = sourcecode.cpp.cpp; path = GUI.cpp; sourceTree = "<group>"; };
		2EFA888718D8FD4D0044D329 /* GUI.h */ = {isa = PBXFileReference; lastKnownFileType = sourcecode.c.h; path = GUI.h; sourceTree = "<group>"; };
		2EFA888818D8FD4D0044D329 /* GUIManager.cpp */ = {isa = PBXFileReference; lastKnownFileType = sourcecode.cpp.cpp; path = GUIManager.cpp; sourceTree = "<group>"; };
		2EFA888918D8FD4D0044D329 /* GUIManager.h */ = {isa = PBXFileReference; lastKnownFileType = sourcecode.c.h; path = GUIManager.h; sourceTree = "<group>"; };
		2EFA888B18D8FD4D0044D329 /* KinectManager.cpp */ = {isa = PBXFileReference; lastKnownFileType = sourcecode.cpp.cpp; path = KinectManager.cpp; sourceTree = "<group>"; };
		2EFA888C18D8FD4D0044D329 /* KinectManager.h */ = {isa = PBXFileReference; lastKnownFileType = sourcecode.c.h; path = KinectManager.h; sourceTree = "<group>"; };
		2EFA888F18D8FD4D0044D329 /* ofxSkeletonRecorder.cpp */ = {isa = PBXFileReference; lastKnownFileType = sourcecode.cpp.cpp; path = ofxSkeletonRecorder.cpp; sourceTree = "<group>"; };
		2EFA889018D8FD4D0044D329 /* ofxSkeletonRecorder.h */ = {isa = PBXFileReference; lastKnownFileType = sourcecode.c.h; path = ofxSkeletonRecorder.h; sourceTree = "<group>"; };
		2EFA889418D8FD4D0044D329 /* Scene.cpp */ = {isa = PBXFileReference; lastKnownFileType = sourcecode.cpp.cpp; path = Scene.cpp; sourceTree = "<group>"; };
		2EFA889518D8FD4D0044D329 /* Scene.h */ = {isa = PBXFileReference; lastKnownFileType = sourcecode.c.h; path = Scene.h; sourceTree = "<group>"; };
		2EFA88C118D8FD550044D329 /* ofxXmlSettings.cpp */ = {isa = PBXFileReference; lastKnownFileType = sourcecode.cpp.cpp; path = ofxXmlSettings.cpp; sourceTree = "<group>"; };
		2EFA88C218D8FD550044D329 /* ofxXmlSettings.h */ = {isa = PBXFileReference; lastKnownFileType = sourcecode.c.h; path = ofxXmlSettings.h; sourceTree = "<group>"; };
		2EFA88C418D8FD550044D329 /* tinyxml.cpp */ = {isa = PBXFileReference; lastKnownFileType = sourcecode.cpp.cpp; path = tinyxml.cpp; sourceTree = "<group>"; };
		2EFA88C518D8FD550044D329 /* tinyxml.h */ = {isa = PBXFileReference; lastKnownFileType = sourcecode.c.h; path = tinyxml.h; sourceTree = "<group>"; };
		2EFA88C618D8FD550044D329 /* tinyxmlerror.cpp */ = {isa = PBXFileReference; lastKnownFileType = sourcecode.cpp.cpp; path = tinyxmlerror.cpp; sourceTree = "<group>"; };
		2EFA88C718D8FD550044D329 /* tinyxmlparser.cpp */ = {isa = PBXFileReference; lastKnownFileType = sourcecode.cpp.cpp; path = tinyxmlparser.cpp; sourceTree = "<group>"; };
		2EFA895F18D9294D0044D329 /* ofxUI.h */ = {isa = PBXFileReference; fileEncoding = 4; lastKnownFileType = sourcecode.c.h; path = ofxUI.h; sourceTree = "<group>"; };
		2EFA896018D9294D0044D329 /* ofxUI2DGraph.cpp */ = {isa = PBXFileReference; fileEncoding = 4; lastKnownFileType = sourcecode.cpp.cpp; path = ofxUI2DGraph.cpp; sourceTree = "<group>"; };
		2EFA896118D9294D0044D329 /* ofxUI2DGraph.h */ = {isa = PBXFileReference; fileEncoding = 4; lastKnownFileType = sourcecode.c.h; path = ofxUI2DGraph.h; sourceTree = "<group>"; };
		2EFA896218D9294D0044D329 /* ofxUI2DPad.cpp */ = {isa = PBXFileReference; fileEncoding = 4; lastKnownFileType = sourcecode.cpp.cpp; path = ofxUI2DPad.cpp; sourceTree = "<group>"; };
		2EFA896318D9294D0044D329 /* ofxUI2DPad.h */ = {isa = PBXFileReference; fileEncoding = 4; lastKnownFileType = sourcecode.c.h; path = ofxUI2DPad.h; sourceTree = "<group>"; };
		2EFA896418D9294D0044D329 /* ofxUIBaseDraws.cpp */ = {isa = PBXFileReference; fileEncoding = 4; lastKnownFileType = sourcecode.cpp.cpp; path = ofxUIBaseDraws.cpp; sourceTree = "<group>"; };
		2EFA896518D9294D0044D329 /* ofxUIBaseDraws.h */ = {isa = PBXFileReference; fileEncoding = 4; lastKnownFileType = sourcecode.c.h; path = ofxUIBaseDraws.h; sourceTree = "<group>"; };
		2EFA896618D9294D0044D329 /* ofxUIBiLabelSlider.cpp */ = {isa = PBXFileReference; fileEncoding = 4; lastKnownFileType = sourcecode.cpp.cpp; path = ofxUIBiLabelSlider.cpp; sourceTree = "<group>"; };
		2EFA896718D9294D0044D329 /* ofxUIBiLabelSlider.h */ = {isa = PBXFileReference; fileEncoding = 4; lastKnownFileType = sourcecode.c.h; path = ofxUIBiLabelSlider.h; sourceTree = "<group>"; };
		2EFA896818D9294D0044D329 /* ofxUIButton.cpp */ = {isa = PBXFileReference; fileEncoding = 4; lastKnownFileType = sourcecode.cpp.cpp; path = ofxUIButton.cpp; sourceTree = "<group>"; };
		2EFA896918D9294D0044D329 /* ofxUIButton.h */ = {isa = PBXFileReference; fileEncoding = 4; lastKnownFileType = sourcecode.c.h; path = ofxUIButton.h; sourceTree = "<group>"; };
		2EFA896A18D9294D0044D329 /* ofxUICanvas.cpp */ = {isa = PBXFileReference; fileEncoding = 4; lastKnownFileType = sourcecode.cpp.cpp; path = ofxUICanvas.cpp; sourceTree = "<group>"; };
		2EFA896B18D9294D0044D329 /* ofxUICanvas.h */ = {isa = PBXFileReference; fileEncoding = 4; lastKnownFileType = sourcecode.c.h; path = ofxUICanvas.h; sourceTree = "<group>"; };
		2EFA896C18D9294D0044D329 /* ofxUICircleSlider.cpp */ = {isa = PBXFileReference; fileEncoding = 4; lastKnownFileType = sourcecode.cpp.cpp; path = ofxUICircleSlider.cpp; sourceTree = "<group>"; };
		2EFA896D18D9294D0044D329 /* ofxUICircleSlider.h */ = {isa = PBXFileReference; fileEncoding = 4; lastKnownFileType = sourcecode.c.h; path = ofxUICircleSlider.h; sourceTree = "<group>"; };
		2EFA896E18D9294D0044D329 /* ofxUIDefines.h */ = {isa = PBXFileReference; fileEncoding = 4; lastKnownFileType = sourcecode.c.h; path = ofxUIDefines.h; sourceTree = "<group>"; };
		2EFA896F18D9294D0044D329 /* ofxUIDragableLabelButton.cpp */ = {isa = PBXFileReference; fileEncoding = 4; lastKnownFileType = sourcecode.cpp.cpp; path = ofxUIDragableLabelButton.cpp; sourceTree = "<group>"; };
		2EFA897018D9294D0044D329 /* ofxUIDragableLabelButton.h */ = {isa = PBXFileReference; fileEncoding = 4; lastKnownFileType = sourcecode.c.h; path = ofxUIDragableLabelButton.h; sourceTree = "<group>"; };
		2EFA897118D9294D0044D329 /* ofxUIDropDownList.cpp */ = {isa = PBXFileReference; fileEncoding = 4; lastKnownFileType = sourcecode.cpp.cpp; path = ofxUIDropDownList.cpp; sourceTree = "<group>"; };
		2EFA897218D9294D0044D329 /* ofxUIDropDownList.h */ = {isa = PBXFileReference; fileEncoding = 4; lastKnownFileType = sourcecode.c.h; path = ofxUIDropDownList.h; sourceTree = "<group>"; };
		2EFA897318D9294D0044D329 /* ofxUIEventArgs.cpp */ = {isa = PBXFileReference; fileEncoding = 4; lastKnownFileType = sourcecode.cpp.cpp; path = ofxUIEventArgs.cpp; sourceTree = "<group>"; };
		2EFA897418D9294D0044D329 /* ofxUIEventArgs.h */ = {isa = PBXFileReference; fileEncoding = 4; lastKnownFileType = sourcecode.c.h; path = ofxUIEventArgs.h; sourceTree = "<group>"; };
		2EFA897518D9294D0044D329 /* ofxUIFPS.cpp */ = {isa = PBXFileReference; fileEncoding = 4; lastKnownFileType = sourcecode.cpp.cpp; path = ofxUIFPS.cpp; sourceTree = "<group>"; };
		2EFA897618D9294D0044D329 /* ofxUIFPS.h */ = {isa = PBXFileReference; fileEncoding = 4; lastKnownFileType = sourcecode.c.h; path = ofxUIFPS.h; sourceTree = "<group>"; };
		2EFA897718D9294D0044D329 /* ofxUIFPSSlider.cpp */ = {isa = PBXFileReference; fileEncoding = 4; lastKnownFileType = sourcecode.cpp.cpp; path = ofxUIFPSSlider.cpp; sourceTree = "<group>"; };
		2EFA897818D9294D0044D329 /* ofxUIFPSSlider.h */ = {isa = PBXFileReference; fileEncoding = 4; lastKnownFileType = sourcecode.c.h; path = ofxUIFPSSlider.h; sourceTree = "<group>"; };
		2EFA897918D9294D0044D329 /* ofxUIImage.cpp */ = {isa = PBXFileReference; fileEncoding = 4; lastKnownFileType = sourcecode.cpp.cpp; path = ofxUIImage.cpp; sourceTree = "<group>"; };
		2EFA897A18D9294D0044D329 /* ofxUIImage.h */ = {isa = PBXFileReference; fileEncoding = 4; lastKnownFileType = sourcecode.c.h; path = ofxUIImage.h; sourceTree = "<group>"; };
		2EFA897B18D9294D0044D329 /* ofxUIImageButton.cpp */ = {isa = PBXFileReference; fileEncoding = 4; lastKnownFileType = sourcecode.cpp.cpp; path = ofxUIImageButton.cpp; sourceTree = "<group>"; };
		2EFA897C18D9294D0044D329 /* ofxUIImageButton.h */ = {isa = PBXFileReference; fileEncoding = 4; lastKnownFileType = sourcecode.c.h; path = ofxUIImageButton.h; sourceTree = "<group>"; };
		2EFA897D18D9294D0044D329 /* ofxUIImageSampler.cpp */ = {isa = PBXFileReference; fileEncoding = 4; lastKnownFileType = sourcecode.cpp.cpp; path = ofxUIImageSampler.cpp; sourceTree = "<group>"; };
		2EFA897E18D9294D0044D329 /* ofxUIImageSampler.h */ = {isa = PBXFileReference; fileEncoding = 4; lastKnownFileType = sourcecode.c.h; path = ofxUIImageSampler.h; sourceTree = "<group>"; };
		2EFA897F18D9294D0044D329 /* ofxUIImageSlider.cpp */ = {isa = PBXFileReference; fileEncoding = 4; lastKnownFileType = sourcecode.cpp.cpp; path = ofxUIImageSlider.cpp; sourceTree = "<group>"; };
		2EFA898018D9294D0044D329 /* ofxUIImageSlider.h */ = {isa = PBXFileReference; fileEncoding = 4; lastKnownFileType = sourcecode.c.h; path = ofxUIImageSlider.h; sourceTree = "<group>"; };
		2EFA898118D9294D0044D329 /* ofxUIImageToggle.cpp */ = {isa = PBXFileReference; fileEncoding = 4; lastKnownFileType = sourcecode.cpp.cpp; path = ofxUIImageToggle.cpp; sourceTree = "<group>"; };
		2EFA898218D9294D0044D329 /* ofxUIImageToggle.h */ = {isa = PBXFileReference; fileEncoding = 4; lastKnownFileType = sourcecode.c.h; path = ofxUIImageToggle.h; sourceTree = "<group>"; };
		2EFA898318D9294D0044D329 /* ofxUILabel.cpp */ = {isa = PBXFileReference; fileEncoding = 4; lastKnownFileType = sourcecode.cpp.cpp; path = ofxUILabel.cpp; sourceTree = "<group>"; };
		2EFA898418D9294D0044D329 /* ofxUILabel.h */ = {isa = PBXFileReference; fileEncoding = 4; lastKnownFileType = sourcecode.c.h; path = ofxUILabel.h; sourceTree = "<group>"; };
		2EFA898518D9294D0044D329 /* ofxUILabelButton.cpp */ = {isa = PBXFileReference; fileEncoding = 4; lastKnownFileType = sourcecode.cpp.cpp; path = ofxUILabelButton.cpp; sourceTree = "<group>"; };
		2EFA898618D9294D0044D329 /* ofxUILabelButton.h */ = {isa = PBXFileReference; fileEncoding = 4; lastKnownFileType = sourcecode.c.h; path = ofxUILabelButton.h; sourceTree = "<group>"; };
		2EFA898718D9294D0044D329 /* ofxUILabelToggle.cpp */ = {isa = PBXFileReference; fileEncoding = 4; lastKnownFileType = sourcecode.cpp.cpp; path = ofxUILabelToggle.cpp; sourceTree = "<group>"; };
		2EFA898818D9294D0044D329 /* ofxUILabelToggle.h */ = {isa = PBXFileReference; fileEncoding = 4; lastKnownFileType = sourcecode.c.h; path = ofxUILabelToggle.h; sourceTree = "<group>"; };
		2EFA898918D9294D0044D329 /* ofxUIMinimalSlider.cpp */ = {isa = PBXFileReference; fileEncoding = 4; lastKnownFileType = sourcecode.cpp.cpp; path = ofxUIMinimalSlider.cpp; sourceTree = "<group>"; };
		2EFA898A18D9294D0044D329 /* ofxUIMinimalSlider.h */ = {isa = PBXFileReference; fileEncoding = 4; lastKnownFileType = sourcecode.c.h; path = ofxUIMinimalSlider.h; sourceTree = "<group>"; };
		2EFA898B18D9294D0044D329 /* ofxUIMovingGraph.cpp */ = {isa = PBXFileReference; fileEncoding = 4; lastKnownFileType = sourcecode.cpp.cpp; path = ofxUIMovingGraph.cpp; sourceTree = "<group>"; };
		2EFA898C18D9294D0044D329 /* ofxUIMovingGraph.h */ = {isa = PBXFileReference; fileEncoding = 4; lastKnownFileType = sourcecode.c.h; path = ofxUIMovingGraph.h; sourceTree = "<group>"; };
		2EFA898D18D9294D0044D329 /* ofxUIMultiImageButton.cpp */ = {isa = PBXFileReference; fileEncoding = 4; lastKnownFileType = sourcecode.cpp.cpp; path = ofxUIMultiImageButton.cpp; sourceTree = "<group>"; };
		2EFA898E18D9294D0044D329 /* ofxUIMultiImageButton.h */ = {isa = PBXFileReference; fileEncoding = 4; lastKnownFileType = sourcecode.c.h; path = ofxUIMultiImageButton.h; sourceTree = "<group>"; };
		2EFA898F18D9294D0044D329 /* ofxUIMultiImageToggle.cpp */ = {isa = PBXFileReference; fileEncoding = 4; lastKnownFileType = sourcecode.cpp.cpp; path = ofxUIMultiImageToggle.cpp; sourceTree = "<group>"; };
		2EFA899018D9294D0044D329 /* ofxUIMultiImageToggle.h */ = {isa = PBXFileReference; fileEncoding = 4; lastKnownFileType = sourcecode.c.h; path = ofxUIMultiImageToggle.h; sourceTree = "<group>"; };
		2EFA899118D9294D0044D329 /* ofxUINumberDialer.cpp */ = {isa = PBXFileReference; fileEncoding = 4; lastKnownFileType = sourcecode.cpp.cpp; path = ofxUINumberDialer.cpp; sourceTree = "<group>"; };
		2EFA899218D9294D0044D329 /* ofxUINumberDialer.h */ = {isa = PBXFileReference; fileEncoding = 4; lastKnownFileType = sourcecode.c.h; path = ofxUINumberDialer.h; sourceTree = "<group>"; };
		2EFA899318D9294D0044D329 /* ofxUIOFWrapper.h */ = {isa = PBXFileReference; fileEncoding = 4; lastKnownFileType = sourcecode.c.h; path = ofxUIOFWrapper.h; sourceTree = "<group>"; };
		2EFA899418D9294D0044D329 /* ofxUIRadio.cpp */ = {isa = PBXFileReference; fileEncoding = 4; lastKnownFileType = sourcecode.cpp.cpp; path = ofxUIRadio.cpp; sourceTree = "<group>"; };
		2EFA899518D9294D0044D329 /* ofxUIRadio.h */ = {isa = PBXFileReference; fileEncoding = 4; lastKnownFileType = sourcecode.c.h; path = ofxUIRadio.h; sourceTree = "<group>"; };
		2EFA899618D9294D0044D329 /* ofxUIRangeSlider.cpp */ = {isa = PBXFileReference; fileEncoding = 4; lastKnownFileType = sourcecode.cpp.cpp; path = ofxUIRangeSlider.cpp; sourceTree = "<group>"; };
		2EFA899718D9294D0044D329 /* ofxUIRangeSlider.h */ = {isa = PBXFileReference; fileEncoding = 4; lastKnownFileType = sourcecode.c.h; path = ofxUIRangeSlider.h; sourceTree = "<group>"; };
		2EFA899818D9294D0044D329 /* ofxUIRectangle.cpp */ = {isa = PBXFileReference; fileEncoding = 4; lastKnownFileType = sourcecode.cpp.cpp; path = ofxUIRectangle.cpp; sourceTree = "<group>"; };
		2EFA899918D9294D0044D329 /* ofxUIRectangle.h */ = {isa = PBXFileReference; fileEncoding = 4; lastKnownFileType = sourcecode.c.h; path = ofxUIRectangle.h; sourceTree = "<group>"; };
		2EFA899A18D9294D0044D329 /* ofxUIRotarySlider.cpp */ = {isa = PBXFileReference; fileEncoding = 4; lastKnownFileType = sourcecode.cpp.cpp; path = ofxUIRotarySlider.cpp; sourceTree = "<group>"; };
		2EFA899B18D9294D0044D329 /* ofxUIRotarySlider.h */ = {isa = PBXFileReference; fileEncoding = 4; lastKnownFileType = sourcecode.c.h; path = ofxUIRotarySlider.h; sourceTree = "<group>"; };
		2EFA899C18D9294D0044D329 /* ofxUIScrollableCanvas.cpp */ = {isa = PBXFileReference; fileEncoding = 4; lastKnownFileType = sourcecode.cpp.cpp; path = ofxUIScrollableCanvas.cpp; sourceTree = "<group>"; };
		2EFA899D18D9294D0044D329 /* ofxUIScrollableCanvas.h */ = {isa = PBXFileReference; fileEncoding = 4; lastKnownFileType = sourcecode.c.h; path = ofxUIScrollableCanvas.h; sourceTree = "<group>"; };
		2EFA899E18D9294D0044D329 /* ofxUISlider.cpp */ = {isa = PBXFileReference; fileEncoding = 4; lastKnownFileType = sourcecode.cpp.cpp; path = ofxUISlider.cpp; sourceTree = "<group>"; };
		2EFA899F18D9294D0044D329 /* ofxUISlider.h */ = {isa = PBXFileReference; fileEncoding = 4; lastKnownFileType = sourcecode.c.h; path = ofxUISlider.h; sourceTree = "<group>"; };
		2EFA89A018D9294D0044D329 /* ofxUISortableList.cpp */ = {isa = PBXFileReference; fileEncoding = 4; lastKnownFileType = sourcecode.cpp.cpp; path = ofxUISortableList.cpp; sourceTree = "<group>"; };
		2EFA89A118D9294D0044D329 /* ofxUISortableList.h */ = {isa = PBXFileReference; fileEncoding = 4; lastKnownFileType = sourcecode.c.h; path = ofxUISortableList.h; sourceTree = "<group>"; };
		2EFA89A218D9294D0044D329 /* ofxUISpacer.cpp */ = {isa = PBXFileReference; fileEncoding = 4; lastKnownFileType = sourcecode.cpp.cpp; path = ofxUISpacer.cpp; sourceTree = "<group>"; };
		2EFA89A318D9294D0044D329 /* ofxUISpacer.h */ = {isa = PBXFileReference; fileEncoding = 4; lastKnownFileType = sourcecode.c.h; path = ofxUISpacer.h; sourceTree = "<group>"; };
		2EFA89A418D9294D0044D329 /* ofxUISpectrum.cpp */ = {isa = PBXFileReference; fileEncoding = 4; lastKnownFileType = sourcecode.cpp.cpp; path = ofxUISpectrum.cpp; sourceTree = "<group>"; };
		2EFA89A518D9294D0044D329 /* ofxUISpectrum.h */ = {isa = PBXFileReference; fileEncoding = 4; lastKnownFileType = sourcecode.c.h; path = ofxUISpectrum.h; sourceTree = "<group>"; };
		2EFA89A618D9294D0044D329 /* ofxUISuperCanvas.cpp */ = {isa = PBXFileReference; fileEncoding = 4; lastKnownFileType = sourcecode.cpp.cpp; path = ofxUISuperCanvas.cpp; sourceTree = "<group>"; };
		2EFA89A718D9294D0044D329 /* ofxUISuperCanvas.h */ = {isa = PBXFileReference; fileEncoding = 4; lastKnownFileType = sourcecode.c.h; path = ofxUISuperCanvas.h; sourceTree = "<group>"; };
		2EFA89A818D9294D0044D329 /* ofxUITabBar.cpp */ = {isa = PBXFileReference; fileEncoding = 4; lastKnownFileType = sourcecode.cpp.cpp; path = ofxUITabBar.cpp; sourceTree = "<group>"; };
		2EFA89A918D9294D0044D329 /* ofxUITabBar.h */ = {isa = PBXFileReference; fileEncoding = 4; lastKnownFileType = sourcecode.c.h; path = ofxUITabBar.h; sourceTree = "<group>"; };
		2EFA89AA18D9294D0044D329 /* ofxUITextArea.cpp */ = {isa = PBXFileReference; fileEncoding = 4; lastKnownFileType = sourcecode.cpp.cpp; path = ofxUITextArea.cpp; sourceTree = "<group>"; };
		2EFA89AB18D9294E0044D329 /* ofxUITextArea.h */ = {isa = PBXFileReference; fileEncoding = 4; lastKnownFileType = sourcecode.c.h; path = ofxUITextArea.h; sourceTree = "<group>"; };
		2EFA89AC18D9294E0044D329 /* ofxUITextInput.cpp */ = {isa = PBXFileReference; fileEncoding = 4; lastKnownFileType = sourcecode.cpp.cpp; path = ofxUITextInput.cpp; sourceTree = "<group>"; };
		2EFA89AD18D9294E0044D329 /* ofxUITextInput.h */ = {isa = PBXFileReference; fileEncoding = 4; lastKnownFileType = sourcecode.c.h; path = ofxUITextInput.h; sourceTree = "<group>"; };
		2EFA89AE18D9294E0044D329 /* ofxUIToggle.cpp */ = {isa = PBXFileReference; fileEncoding = 4; lastKnownFileType = sourcecode.cpp.cpp; path = ofxUIToggle.cpp; sourceTree = "<group>"; };
		2EFA89AF18D9294E0044D329 /* ofxUIToggle.h */ = {isa = PBXFileReference; fileEncoding = 4; lastKnownFileType = sourcecode.c.h; path = ofxUIToggle.h; sourceTree = "<group>"; };
		2EFA89B018D9294E0044D329 /* ofxUIToggleMatrix.cpp */ = {isa = PBXFileReference; fileEncoding = 4; lastKnownFileType = sourcecode.cpp.cpp; path = ofxUIToggleMatrix.cpp; sourceTree = "<group>"; };
		2EFA89B118D9294E0044D329 /* ofxUIToggleMatrix.h */ = {isa = PBXFileReference; fileEncoding = 4; lastKnownFileType = sourcecode.c.h; path = ofxUIToggleMatrix.h; sourceTree = "<group>"; };
		2EFA89B218D9294E0044D329 /* ofxUIUtils.h */ = {isa = PBXFileReference; fileEncoding = 4; lastKnownFileType = sourcecode.c.h; path = ofxUIUtils.h; sourceTree = "<group>"; };
		2EFA89B318D9294E0044D329 /* ofxUIValuePlotter.cpp */ = {isa = PBXFileReference; fileEncoding = 4; lastKnownFileType = sourcecode.cpp.cpp; path = ofxUIValuePlotter.cpp; sourceTree = "<group>"; };
		2EFA89B418D9294E0044D329 /* ofxUIValuePlotter.h */ = {isa = PBXFileReference; fileEncoding = 4; lastKnownFileType = sourcecode.c.h; path = ofxUIValuePlotter.h; sourceTree = "<group>"; };
		2EFA89B518D9294E0044D329 /* ofxUIWaveform.cpp */ = {isa = PBXFileReference; fileEncoding = 4; lastKnownFileType = sourcecode.cpp.cpp; path = ofxUIWaveform.cpp; sourceTree = "<group>"; };
		2EFA89B618D9294E0044D329 /* ofxUIWaveform.h */ = {isa = PBXFileReference; fileEncoding = 4; lastKnownFileType = sourcecode.c.h; path = ofxUIWaveform.h; sourceTree = "<group>"; };
		2EFA89B718D9294E0044D329 /* ofxUIWidget.cpp */ = {isa = PBXFileReference; fileEncoding = 4; lastKnownFileType = sourcecode.cpp.cpp; path = ofxUIWidget.cpp; sourceTree = "<group>"; };
		2EFA89B818D9294E0044D329 /* ofxUIWidget.h */ = {isa = PBXFileReference; fileEncoding = 4; lastKnownFileType = sourcecode.c.h; path = ofxUIWidget.h; sourceTree = "<group>"; };
		2EFA89B918D9294E0044D329 /* ofxUIWidgets.h */ = {isa = PBXFileReference; fileEncoding = 4; lastKnownFileType = sourcecode.c.h; path = ofxUIWidgets.h; sourceTree = "<group>"; };
		2EFA89BA18D9294E0044D329 /* ofxUIWidgetWithLabel.cpp */ = {isa = PBXFileReference; fileEncoding = 4; lastKnownFileType = sourcecode.cpp.cpp; path = ofxUIWidgetWithLabel.cpp; sourceTree = "<group>"; };
		2EFA89BB18D9294E0044D329 /* ofxUIWidgetWithLabel.h */ = {isa = PBXFileReference; fileEncoding = 4; lastKnownFileType = sourcecode.c.h; path = ofxUIWidgetWithLabel.h; sourceTree = "<group>"; };
		2EFA89BC18D9294E0044D329 /* ofxUIWrapper.h */ = {isa = PBXFileReference; fileEncoding = 4; lastKnownFileType = sourcecode.c.h; path = ofxUIWrapper.h; sourceTree = "<group>"; };
		BBAB23BE13894E4700AA2426 /* GLUT.framework */ = {isa = PBXFileReference; lastKnownFileType = wrapper.framework; name = GLUT.framework; path = ../../../libs/glut/lib/osx/GLUT.framework; sourceTree = "<group>"; };
		E4328143138ABC890047C5CB /* openFrameworksLib.xcodeproj */ = {isa = PBXFileReference; lastKnownFileType = "wrapper.pb-project"; name = openFrameworksLib.xcodeproj; path = ../../../libs/openFrameworksCompiled/project/osx/openFrameworksLib.xcodeproj; sourceTree = SOURCE_ROOT; };
		E45BE9710E8CC7DD009D7055 /* AGL.framework */ = {isa = PBXFileReference; lastKnownFileType = wrapper.framework; name = AGL.framework; path = /System/Library/Frameworks/AGL.framework; sourceTree = "<absolute>"; };
		E45BE9720E8CC7DD009D7055 /* ApplicationServices.framework */ = {isa = PBXFileReference; lastKnownFileType = wrapper.framework; name = ApplicationServices.framework; path = /System/Library/Frameworks/ApplicationServices.framework; sourceTree = "<absolute>"; };
		E45BE9730E8CC7DD009D7055 /* AudioToolbox.framework */ = {isa = PBXFileReference; lastKnownFileType = wrapper.framework; name = AudioToolbox.framework; path = /System/Library/Frameworks/AudioToolbox.framework; sourceTree = "<absolute>"; };
		E45BE9740E8CC7DD009D7055 /* Carbon.framework */ = {isa = PBXFileReference; lastKnownFileType = wrapper.framework; name = Carbon.framework; path = /System/Library/Frameworks/Carbon.framework; sourceTree = "<absolute>"; };
		E45BE9750E8CC7DD009D7055 /* CoreAudio.framework */ = {isa = PBXFileReference; lastKnownFileType = wrapper.framework; name = CoreAudio.framework; path = /System/Library/Frameworks/CoreAudio.framework; sourceTree = "<absolute>"; };
		E45BE9760E8CC7DD009D7055 /* CoreFoundation.framework */ = {isa = PBXFileReference; lastKnownFileType = wrapper.framework; name = CoreFoundation.framework; path = /System/Library/Frameworks/CoreFoundation.framework; sourceTree = "<absolute>"; };
		E45BE9770E8CC7DD009D7055 /* CoreServices.framework */ = {isa = PBXFileReference; lastKnownFileType = wrapper.framework; name = CoreServices.framework; path = /System/Library/Frameworks/CoreServices.framework; sourceTree = "<absolute>"; };
		E45BE9790E8CC7DD009D7055 /* OpenGL.framework */ = {isa = PBXFileReference; lastKnownFileType = wrapper.framework; name = OpenGL.framework; path = /System/Library/Frameworks/OpenGL.framework; sourceTree = "<absolute>"; };
		E45BE97A0E8CC7DD009D7055 /* QuickTime.framework */ = {isa = PBXFileReference; lastKnownFileType = wrapper.framework; name = QuickTime.framework; path = /System/Library/Frameworks/QuickTime.framework; sourceTree = "<absolute>"; };
		E4B69B5B0A3A1756003C02F2 /* JagSkillsDebug.app */ = {isa = PBXFileReference; explicitFileType = wrapper.application; includeInIndex = 0; path = JagSkillsDebug.app; sourceTree = BUILT_PRODUCTS_DIR; };
		E4B69E1D0A3A1BDC003C02F2 /* main.cpp */ = {isa = PBXFileReference; fileEncoding = 30; lastKnownFileType = sourcecode.cpp.cpp; name = main.cpp; path = src/main.cpp; sourceTree = SOURCE_ROOT; };
		E4B69E1E0A3A1BDC003C02F2 /* testApp.cpp */ = {isa = PBXFileReference; explicitFileType = sourcecode.cpp.cpp; fileEncoding = 30; name = testApp.cpp; path = src/testApp.cpp; sourceTree = SOURCE_ROOT; };
		E4B69E1F0A3A1BDC003C02F2 /* testApp.h */ = {isa = PBXFileReference; fileEncoding = 30; lastKnownFileType = sourcecode.c.h; name = testApp.h; path = src/testApp.h; sourceTree = SOURCE_ROOT; };
		E4B6FCAD0C3E899E008CF71C /* openFrameworks-Info.plist */ = {isa = PBXFileReference; fileEncoding = 30; lastKnownFileType = text.plist.xml; path = "openFrameworks-Info.plist"; sourceTree = "<group>"; };
		E4C2424410CC5A17004149E2 /* AppKit.framework */ = {isa = PBXFileReference; lastKnownFileType = wrapper.framework; name = AppKit.framework; path = /System/Library/Frameworks/AppKit.framework; sourceTree = "<absolute>"; };
		E4C2424510CC5A17004149E2 /* Cocoa.framework */ = {isa = PBXFileReference; lastKnownFileType = wrapper.framework; name = Cocoa.framework; path = /System/Library/Frameworks/Cocoa.framework; sourceTree = "<absolute>"; };
		E4C2424610CC5A17004149E2 /* IOKit.framework */ = {isa = PBXFileReference; lastKnownFileType = wrapper.framework; name = IOKit.framework; path = /System/Library/Frameworks/IOKit.framework; sourceTree = "<absolute>"; };
		E4EB691F138AFCF100A09F29 /* CoreOF.xcconfig */ = {isa = PBXFileReference; fileEncoding = 4; lastKnownFileType = text.xcconfig; name = CoreOF.xcconfig; path = ../../../libs/openFrameworksCompiled/project/osx/CoreOF.xcconfig; sourceTree = SOURCE_ROOT; };
		E4EB6923138AFD0F00A09F29 /* Project.xcconfig */ = {isa = PBXFileReference; fileEncoding = 4; lastKnownFileType = text.xcconfig; path = Project.xcconfig; sourceTree = "<group>"; };
		E7E077E415D3B63C0020DFD4 /* CoreVideo.framework */ = {isa = PBXFileReference; lastKnownFileType = wrapper.framework; name = CoreVideo.framework; path = /System/Library/Frameworks/CoreVideo.framework; sourceTree = "<absolute>"; };
		E7E077E715D3B6510020DFD4 /* QTKit.framework */ = {isa = PBXFileReference; lastKnownFileType = wrapper.framework; name = QTKit.framework; path = /System/Library/Frameworks/QTKit.framework; sourceTree = "<absolute>"; };
		E7F985F515E0DE99003869B5 /* Accelerate.framework */ = {isa = PBXFileReference; lastKnownFileType = wrapper.framework; name = Accelerate.framework; path = /System/Library/Frameworks/Accelerate.framework; sourceTree = "<absolute>"; };
/* End PBXFileReference section */

/* Begin PBXFrameworksBuildPhase section */
		E4B69B590A3A1756003C02F2 /* Frameworks */ = {
			isa = PBXFrameworksBuildPhase;
			buildActionMask = 2147483647;
			files = (
				E7F985F815E0DEA3003869B5 /* Accelerate.framework in Frameworks */,
				E7E077E815D3B6510020DFD4 /* QTKit.framework in Frameworks */,
				E4EB6799138ADC1D00A09F29 /* GLUT.framework in Frameworks */,
				E4328149138ABC9F0047C5CB /* openFrameworksDebug.a in Frameworks */,
				E45BE97B0E8CC7DD009D7055 /* AGL.framework in Frameworks */,
				E45BE97C0E8CC7DD009D7055 /* ApplicationServices.framework in Frameworks */,
				E45BE97D0E8CC7DD009D7055 /* AudioToolbox.framework in Frameworks */,
				E45BE97E0E8CC7DD009D7055 /* Carbon.framework in Frameworks */,
				E45BE97F0E8CC7DD009D7055 /* CoreAudio.framework in Frameworks */,
				E45BE9800E8CC7DD009D7055 /* CoreFoundation.framework in Frameworks */,
				2E9FD01918DCC92200625532 /* assimp.a in Frameworks */,
				E45BE9810E8CC7DD009D7055 /* CoreServices.framework in Frameworks */,
				E45BE9830E8CC7DD009D7055 /* OpenGL.framework in Frameworks */,
				E45BE9840E8CC7DD009D7055 /* QuickTime.framework in Frameworks */,
				E4C2424710CC5A17004149E2 /* AppKit.framework in Frameworks */,
				E4C2424810CC5A17004149E2 /* Cocoa.framework in Frameworks */,
				E4C2424910CC5A17004149E2 /* IOKit.framework in Frameworks */,
				E7E077E515D3B63C0020DFD4 /* CoreVideo.framework in Frameworks */,
			);
			runOnlyForDeploymentPostprocessing = 0;
		};
/* End PBXFrameworksBuildPhase section */

/* Begin PBXGroup section */
		2E9FCFDC18DCC84000625532 /* body */ = {
			isa = PBXGroup;
			children = (
				2E9FCFDD18DCC84000625532 /* BodyPart.cpp */,
				2E9FCFDE18DCC84000625532 /* BodyPart.h */,
				2E9FD01D18DD183A00625532 /* Torso.cpp */,
				2E9FD01E18DD183A00625532 /* Torso.h */,
				2E9FD02018DDDD2300625532 /* Abdomen.cpp */,
				2E9FD02118DDDD2300625532 /* Abdomen.h */,
				2E39E53218DDF27C00AE3200 /* Legs.cpp */,
				2E39E53318DDF27C00AE3200 /* Legs.h */,
				2E39E53518DE181800AE3200 /* UpperArm.cpp */,
				2E39E53618DE181800AE3200 /* UpperArm.h */,
				2E39E53818DE1E6900AE3200 /* Forearm.cpp */,
				2E39E53918DE1E6900AE3200 /* Forearm.h */,
				2E39E53B18DE66EB00AE3200 /* Hand.cpp */,
				2E39E53C18DE66EB00AE3200 /* Hand.h */,
			);
			path = body;
			sourceTree = "<group>";
		};
		2E9FCFDF18DCC92200625532 /* ofxAssimpModelLoader */ = {
			isa = PBXGroup;
			children = (
				2E9FCFE018DCC92200625532 /* src */,
				2E9FCFEA18DCC92200625532 /* libs */,
			);
			name = ofxAssimpModelLoader;
			sourceTree = "<group>";
		};
		2E9FCFE018DCC92200625532 /* src */ = {
			isa = PBXGroup;
			children = (
				2E9FCFE118DCC92200625532 /* ofxAssimpAnimation.cpp */,
				2E9FCFE218DCC92200625532 /* ofxAssimpAnimation.h */,
				2E9FCFE318DCC92200625532 /* ofxAssimpMeshHelper.cpp */,
				2E9FCFE418DCC92200625532 /* ofxAssimpMeshHelper.h */,
				2E9FCFE518DCC92200625532 /* ofxAssimpModelLoader.cpp */,
				2E9FCFE618DCC92200625532 /* ofxAssimpModelLoader.h */,
				2E9FCFE718DCC92200625532 /* ofxAssimpTexture.cpp */,
				2E9FCFE818DCC92200625532 /* ofxAssimpTexture.h */,
				2E9FCFE918DCC92200625532 /* ofxAssimpUtils.h */,
			);
			name = src;
			path = ../../../addons/ofxAssimpModelLoader/src;
			sourceTree = "<group>";
		};
		2E9FCFEA18DCC92200625532 /* libs */ = {
			isa = PBXGroup;
			children = (
				2E9FCFEB18DCC92200625532 /* assimp */,
			);
			name = libs;
			path = ../../../addons/ofxAssimpModelLoader/libs;
			sourceTree = "<group>";
		};
		2E9FCFEB18DCC92200625532 /* assimp */ = {
			isa = PBXGroup;
			children = (
				2E9FCFEC18DCC92200625532 /* include */,
				2E9FD01218DCC92200625532 /* lib */,
			);
			path = assimp;
			sourceTree = "<group>";
		};
		2E9FCFEC18DCC92200625532 /* include */ = {
			isa = PBXGroup;
			children = (
				2E9FCFED18DCC92200625532 /* aiAnim.h */,
				2E9FCFEE18DCC92200625532 /* aiAssert.h */,
				2E9FCFEF18DCC92200625532 /* aiCamera.h */,
				2E9FCFF018DCC92200625532 /* aiColor4D.h */,
				2E9FCFF118DCC92200625532 /* aiColor4D.inl */,
				2E9FCFF218DCC92200625532 /* aiConfig.h */,
				2E9FCFF318DCC92200625532 /* aiDefines.h */,
				2E9FCFF418DCC92200625532 /* aiFileIO.h */,
				2E9FCFF518DCC92200625532 /* aiLight.h */,
				2E9FCFF618DCC92200625532 /* aiMaterial.h */,
				2E9FCFF718DCC92200625532 /* aiMaterial.inl */,
				2E9FCFF818DCC92200625532 /* aiMatrix3x3.h */,
				2E9FCFF918DCC92200625532 /* aiMatrix3x3.inl */,
				2E9FCFFA18DCC92200625532 /* aiMatrix4x4.h */,
				2E9FCFFB18DCC92200625532 /* aiMatrix4x4.inl */,
				2E9FCFFC18DCC92200625532 /* aiMesh.h */,
				2E9FCFFD18DCC92200625532 /* aiPostProcess.h */,
				2E9FCFFE18DCC92200625532 /* aiQuaternion.h */,
				2E9FCFFF18DCC92200625532 /* aiScene.h */,
				2E9FD00018DCC92200625532 /* aiTexture.h */,
				2E9FD00118DCC92200625532 /* aiTypes.h */,
				2E9FD00218DCC92200625532 /* aiVector2D.h */,
				2E9FD00318DCC92200625532 /* aiVector3D.h */,
				2E9FD00418DCC92200625532 /* aiVector3D.inl */,
				2E9FD00518DCC92200625532 /* aiVersion.h */,
				2E9FD00618DCC92200625532 /* assimp.h */,
				2E9FD00718DCC92200625532 /* assimp.hpp */,
				2E9FD00818DCC92200625532 /* Compiler */,
				2E9FD00B18DCC92200625532 /* DefaultLogger.h */,
				2E9FD00C18DCC92200625532 /* IOStream.h */,
				2E9FD00D18DCC92200625532 /* IOSystem.h */,
				2E9FD00E18DCC92200625532 /* Logger.h */,
				2E9FD00F18DCC92200625532 /* LogStream.h */,
				2E9FD01018DCC92200625532 /* NullLogger.h */,
				2E9FD01118DCC92200625532 /* ProgressHandler.h */,
			);
			path = include;
			sourceTree = "<group>";
		};
		2E9FD00818DCC92200625532 /* Compiler */ = {
			isa = PBXGroup;
			children = (
				2E9FD00918DCC92200625532 /* poppack1.h */,
				2E9FD00A18DCC92200625532 /* pushpack1.h */,
			);
			path = Compiler;
			sourceTree = "<group>";
		};
		2E9FD01218DCC92200625532 /* lib */ = {
			isa = PBXGroup;
			children = (
				2E9FD01318DCC92200625532 /* osx */,
			);
			path = lib;
			sourceTree = "<group>";
		};
		2E9FD01318DCC92200625532 /* osx */ = {
			isa = PBXGroup;
			children = (
				2E9FD01418DCC92200625532 /* assimp.a */,
			);
			path = osx;
			sourceTree = "<group>";
		};
		2EFA888518D8FD4D0044D329 /* gui */ = {
			isa = PBXGroup;
			children = (
				2EFA888618D8FD4D0044D329 /* GUI.cpp */,
				2EFA888718D8FD4D0044D329 /* GUI.h */,
				2EFA888818D8FD4D0044D329 /* GUIManager.cpp */,
				2EFA888918D8FD4D0044D329 /* GUIManager.h */,
			);
			path = gui;
			sourceTree = "<group>";
		};
		2EFA888A18D8FD4D0044D329 /* kinect */ = {
			isa = PBXGroup;
			children = (
				2EFA888D18D8FD4D0044D329 /* ofxKinectPlayback */,
				2EFA888B18D8FD4D0044D329 /* KinectManager.cpp */,
				2EFA888C18D8FD4D0044D329 /* KinectManager.h */,
			);
			path = kinect;
			sourceTree = "<group>";
		};
		2EFA888D18D8FD4D0044D329 /* ofxKinectPlayback */ = {
			isa = PBXGroup;
			children = (
				2EFA888E18D8FD4D0044D329 /* src */,
			);
			path = ofxKinectPlayback;
			sourceTree = "<group>";
		};
		2EFA888E18D8FD4D0044D329 /* src */ = {
			isa = PBXGroup;
			children = (
				2E0A397D18DA22E9001A3068 /* SkeletonDataObject.h */,
				2EFA888F18D8FD4D0044D329 /* ofxSkeletonRecorder.cpp */,
				2EFA889018D8FD4D0044D329 /* ofxSkeletonRecorder.h */,
			);
			path = src;
			sourceTree = "<group>";
		};
		2EFA889118D8FD4D0044D329 /* scene */ = {
			isa = PBXGroup;
			children = (
				2E9FCFDC18DCC84000625532 /* body */,
				2EFA889418D8FD4D0044D329 /* Scene.cpp */,
				2EFA889518D8FD4D0044D329 /* Scene.h */,
			);
			path = scene;
			sourceTree = "<group>";
		};
		2EFA889618D8FD520044D329 /* ofxUI */ = {
			isa = PBXGroup;
			children = (
				2EFA889718D8FD520044D329 /* src */,
			);
			name = ofxUI;
			sourceTree = "<group>";
		};
		2EFA889718D8FD520044D329 /* src */ = {
			isa = PBXGroup;
			children = (
				2EFA895F18D9294D0044D329 /* ofxUI.h */,
				2EFA896018D9294D0044D329 /* ofxUI2DGraph.cpp */,
				2EFA896118D9294D0044D329 /* ofxUI2DGraph.h */,
				2EFA896218D9294D0044D329 /* ofxUI2DPad.cpp */,
				2EFA896318D9294D0044D329 /* ofxUI2DPad.h */,
				2EFA896418D9294D0044D329 /* ofxUIBaseDraws.cpp */,
				2EFA896518D9294D0044D329 /* ofxUIBaseDraws.h */,
				2EFA896618D9294D0044D329 /* ofxUIBiLabelSlider.cpp */,
				2EFA896718D9294D0044D329 /* ofxUIBiLabelSlider.h */,
				2EFA896818D9294D0044D329 /* ofxUIButton.cpp */,
				2EFA896918D9294D0044D329 /* ofxUIButton.h */,
				2EFA896A18D9294D0044D329 /* ofxUICanvas.cpp */,
				2EFA896B18D9294D0044D329 /* ofxUICanvas.h */,
				2EFA896C18D9294D0044D329 /* ofxUICircleSlider.cpp */,
				2EFA896D18D9294D0044D329 /* ofxUICircleSlider.h */,
				2EFA896E18D9294D0044D329 /* ofxUIDefines.h */,
				2EFA896F18D9294D0044D329 /* ofxUIDragableLabelButton.cpp */,
				2EFA897018D9294D0044D329 /* ofxUIDragableLabelButton.h */,
				2EFA897118D9294D0044D329 /* ofxUIDropDownList.cpp */,
				2EFA897218D9294D0044D329 /* ofxUIDropDownList.h */,
				2EFA897318D9294D0044D329 /* ofxUIEventArgs.cpp */,
				2EFA897418D9294D0044D329 /* ofxUIEventArgs.h */,
				2EFA897518D9294D0044D329 /* ofxUIFPS.cpp */,
				2EFA897618D9294D0044D329 /* ofxUIFPS.h */,
				2EFA897718D9294D0044D329 /* ofxUIFPSSlider.cpp */,
				2EFA897818D9294D0044D329 /* ofxUIFPSSlider.h */,
				2EFA897918D9294D0044D329 /* ofxUIImage.cpp */,
				2EFA897A18D9294D0044D329 /* ofxUIImage.h */,
				2EFA897B18D9294D0044D329 /* ofxUIImageButton.cpp */,
				2EFA897C18D9294D0044D329 /* ofxUIImageButton.h */,
				2EFA897D18D9294D0044D329 /* ofxUIImageSampler.cpp */,
				2EFA897E18D9294D0044D329 /* ofxUIImageSampler.h */,
				2EFA897F18D9294D0044D329 /* ofxUIImageSlider.cpp */,
				2EFA898018D9294D0044D329 /* ofxUIImageSlider.h */,
				2EFA898118D9294D0044D329 /* ofxUIImageToggle.cpp */,
				2EFA898218D9294D0044D329 /* ofxUIImageToggle.h */,
				2EFA898318D9294D0044D329 /* ofxUILabel.cpp */,
				2EFA898418D9294D0044D329 /* ofxUILabel.h */,
				2EFA898518D9294D0044D329 /* ofxUILabelButton.cpp */,
				2EFA898618D9294D0044D329 /* ofxUILabelButton.h */,
				2EFA898718D9294D0044D329 /* ofxUILabelToggle.cpp */,
				2EFA898818D9294D0044D329 /* ofxUILabelToggle.h */,
				2EFA898918D9294D0044D329 /* ofxUIMinimalSlider.cpp */,
				2EFA898A18D9294D0044D329 /* ofxUIMinimalSlider.h */,
				2EFA898B18D9294D0044D329 /* ofxUIMovingGraph.cpp */,
				2EFA898C18D9294D0044D329 /* ofxUIMovingGraph.h */,
				2EFA898D18D9294D0044D329 /* ofxUIMultiImageButton.cpp */,
				2EFA898E18D9294D0044D329 /* ofxUIMultiImageButton.h */,
				2EFA898F18D9294D0044D329 /* ofxUIMultiImageToggle.cpp */,
				2EFA899018D9294D0044D329 /* ofxUIMultiImageToggle.h */,
				2EFA899118D9294D0044D329 /* ofxUINumberDialer.cpp */,
				2EFA899218D9294D0044D329 /* ofxUINumberDialer.h */,
				2EFA899318D9294D0044D329 /* ofxUIOFWrapper.h */,
				2EFA899418D9294D0044D329 /* ofxUIRadio.cpp */,
				2EFA899518D9294D0044D329 /* ofxUIRadio.h */,
				2EFA899618D9294D0044D329 /* ofxUIRangeSlider.cpp */,
				2EFA899718D9294D0044D329 /* ofxUIRangeSlider.h */,
				2EFA899818D9294D0044D329 /* ofxUIRectangle.cpp */,
				2EFA899918D9294D0044D329 /* ofxUIRectangle.h */,
				2EFA899A18D9294D0044D329 /* ofxUIRotarySlider.cpp */,
				2EFA899B18D9294D0044D329 /* ofxUIRotarySlider.h */,
				2EFA899C18D9294D0044D329 /* ofxUIScrollableCanvas.cpp */,
				2EFA899D18D9294D0044D329 /* ofxUIScrollableCanvas.h */,
				2EFA899E18D9294D0044D329 /* ofxUISlider.cpp */,
				2EFA899F18D9294D0044D329 /* ofxUISlider.h */,
				2EFA89A018D9294D0044D329 /* ofxUISortableList.cpp */,
				2EFA89A118D9294D0044D329 /* ofxUISortableList.h */,
				2EFA89A218D9294D0044D329 /* ofxUISpacer.cpp */,
				2EFA89A318D9294D0044D329 /* ofxUISpacer.h */,
				2EFA89A418D9294D0044D329 /* ofxUISpectrum.cpp */,
				2EFA89A518D9294D0044D329 /* ofxUISpectrum.h */,
				2EFA89A618D9294D0044D329 /* ofxUISuperCanvas.cpp */,
				2EFA89A718D9294D0044D329 /* ofxUISuperCanvas.h */,
				2EFA89A818D9294D0044D329 /* ofxUITabBar.cpp */,
				2EFA89A918D9294D0044D329 /* ofxUITabBar.h */,
				2EFA89AA18D9294D0044D329 /* ofxUITextArea.cpp */,
				2EFA89AB18D9294E0044D329 /* ofxUITextArea.h */,
				2EFA89AC18D9294E0044D329 /* ofxUITextInput.cpp */,
				2EFA89AD18D9294E0044D329 /* ofxUITextInput.h */,
				2EFA89AE18D9294E0044D329 /* ofxUIToggle.cpp */,
				2EFA89AF18D9294E0044D329 /* ofxUIToggle.h */,
				2EFA89B018D9294E0044D329 /* ofxUIToggleMatrix.cpp */,
				2EFA89B118D9294E0044D329 /* ofxUIToggleMatrix.h */,
				2EFA89B218D9294E0044D329 /* ofxUIUtils.h */,
				2EFA89B318D9294E0044D329 /* ofxUIValuePlotter.cpp */,
				2EFA89B418D9294E0044D329 /* ofxUIValuePlotter.h */,
				2EFA89B518D9294E0044D329 /* ofxUIWaveform.cpp */,
				2EFA89B618D9294E0044D329 /* ofxUIWaveform.h */,
				2EFA89B718D9294E0044D329 /* ofxUIWidget.cpp */,
				2EFA89B818D9294E0044D329 /* ofxUIWidget.h */,
				2EFA89B918D9294E0044D329 /* ofxUIWidgets.h */,
				2EFA89BA18D9294E0044D329 /* ofxUIWidgetWithLabel.cpp */,
				2EFA89BB18D9294E0044D329 /* ofxUIWidgetWithLabel.h */,
				2EFA89BC18D9294E0044D329 /* ofxUIWrapper.h */,
			);
			name = src;
			path = ../../../addons/ofxUI/src;
			sourceTree = "<group>";
		};
		2EFA88BF18D8FD550044D329 /* ofxXmlSettings */ = {
			isa = PBXGroup;
			children = (
				2EFA88C018D8FD550044D329 /* src */,
				2EFA88C318D8FD550044D329 /* libs */,
			);
			name = ofxXmlSettings;
			sourceTree = "<group>";
		};
		2EFA88C018D8FD550044D329 /* src */ = {
			isa = PBXGroup;
			children = (
				2EFA88C118D8FD550044D329 /* ofxXmlSettings.cpp */,
				2EFA88C218D8FD550044D329 /* ofxXmlSettings.h */,
			);
			name = src;
			path = ../../../addons/ofxXmlSettings/src;
			sourceTree = "<group>";
		};
		2EFA88C318D8FD550044D329 /* libs */ = {
			isa = PBXGroup;
			children = (
				2EFA88C418D8FD550044D329 /* tinyxml.cpp */,
				2EFA88C518D8FD550044D329 /* tinyxml.h */,
				2EFA88C618D8FD550044D329 /* tinyxmlerror.cpp */,
				2EFA88C718D8FD550044D329 /* tinyxmlparser.cpp */,
			);
			name = libs;
			path = ../../../addons/ofxXmlSettings/libs;
			sourceTree = "<group>";
		};
		BB4B014C10F69532006C3DED /* addons */ = {
			isa = PBXGroup;
			children = (
				2E9FCFDF18DCC92200625532 /* ofxAssimpModelLoader */,
				2EFA88BF18D8FD550044D329 /* ofxXmlSettings */,
				2EFA889618D8FD520044D329 /* ofxUI */,
			);
			name = addons;
			sourceTree = "<group>";
		};
		BBAB23C913894ECA00AA2426 /* system frameworks */ = {
			isa = PBXGroup;
			children = (
				E7F985F515E0DE99003869B5 /* Accelerate.framework */,
				E4C2424410CC5A17004149E2 /* AppKit.framework */,
				E4C2424510CC5A17004149E2 /* Cocoa.framework */,
				E4C2424610CC5A17004149E2 /* IOKit.framework */,
				E45BE9710E8CC7DD009D7055 /* AGL.framework */,
				E45BE9720E8CC7DD009D7055 /* ApplicationServices.framework */,
				E45BE9730E8CC7DD009D7055 /* AudioToolbox.framework */,
				E45BE9740E8CC7DD009D7055 /* Carbon.framework */,
				E45BE9750E8CC7DD009D7055 /* CoreAudio.framework */,
				E45BE9760E8CC7DD009D7055 /* CoreFoundation.framework */,
				E45BE9770E8CC7DD009D7055 /* CoreServices.framework */,
				E45BE9790E8CC7DD009D7055 /* OpenGL.framework */,
				E45BE97A0E8CC7DD009D7055 /* QuickTime.framework */,
				E7E077E415D3B63C0020DFD4 /* CoreVideo.framework */,
				E7E077E715D3B6510020DFD4 /* QTKit.framework */,
			);
			name = "system frameworks";
			sourceTree = "<group>";
		};
		BBAB23CA13894EDB00AA2426 /* 3rd party frameworks */ = {
			isa = PBXGroup;
			children = (
				BBAB23BE13894E4700AA2426 /* GLUT.framework */,
			);
			name = "3rd party frameworks";
			sourceTree = "<group>";
		};
		E4328144138ABC890047C5CB /* Products */ = {
			isa = PBXGroup;
			children = (
				E4328148138ABC890047C5CB /* openFrameworksDebug.a */,
			);
			name = Products;
			sourceTree = "<group>";
		};
		E45BE5980E8CC70C009D7055 /* frameworks */ = {
			isa = PBXGroup;
			children = (
				BBAB23CA13894EDB00AA2426 /* 3rd party frameworks */,
				BBAB23C913894ECA00AA2426 /* system frameworks */,
			);
			name = frameworks;
			sourceTree = "<group>";
		};
		E4B69B4A0A3A1720003C02F2 = {
			isa = PBXGroup;
			children = (
				E4B6FCAD0C3E899E008CF71C /* openFrameworks-Info.plist */,
				E4EB6923138AFD0F00A09F29 /* Project.xcconfig */,
				E4B69E1C0A3A1BDC003C02F2 /* src */,
				E4EEC9E9138DF44700A80321 /* openFrameworks */,
				BB4B014C10F69532006C3DED /* addons */,
				E45BE5980E8CC70C009D7055 /* frameworks */,
				E4B69B5B0A3A1756003C02F2 /* JagSkillsDebug.app */,
			);
			sourceTree = "<group>";
		};
		E4B69E1C0A3A1BDC003C02F2 /* src */ = {
			isa = PBXGroup;
			children = (
				2EFA888518D8FD4D0044D329 /* gui */,
				2EFA888A18D8FD4D0044D329 /* kinect */,
				2EFA889118D8FD4D0044D329 /* scene */,
				E4B69E1D0A3A1BDC003C02F2 /* main.cpp */,
				E4B69E1E0A3A1BDC003C02F2 /* testApp.cpp */,
				E4B69E1F0A3A1BDC003C02F2 /* testApp.h */,
			);
			path = src;
			sourceTree = SOURCE_ROOT;
		};
		E4EEC9E9138DF44700A80321 /* openFrameworks */ = {
			isa = PBXGroup;
			children = (
				E4EB691F138AFCF100A09F29 /* CoreOF.xcconfig */,
				E4328143138ABC890047C5CB /* openFrameworksLib.xcodeproj */,
			);
			name = openFrameworks;
			sourceTree = "<group>";
		};
/* End PBXGroup section */

/* Begin PBXNativeTarget section */
		E4B69B5A0A3A1756003C02F2 /* JagSkills */ = {
			isa = PBXNativeTarget;
			buildConfigurationList = E4B69B5F0A3A1757003C02F2 /* Build configuration list for PBXNativeTarget "JagSkills" */;
			buildPhases = (
				E4B69B580A3A1756003C02F2 /* Sources */,
				E4B69B590A3A1756003C02F2 /* Frameworks */,
				E4B6FFFD0C3F9AB9008CF71C /* ShellScript */,
				E4C2427710CC5ABF004149E2 /* CopyFiles */,
			);
			buildRules = (
			);
			dependencies = (
				E4EEB9AC138B136A00A80321 /* PBXTargetDependency */,
			);
			name = JagSkills;
			productName = myOFApp;
			productReference = E4B69B5B0A3A1756003C02F2 /* JagSkillsDebug.app */;
			productType = "com.apple.product-type.application";
		};
/* End PBXNativeTarget section */

/* Begin PBXProject section */
		E4B69B4C0A3A1720003C02F2 /* Project object */ = {
			isa = PBXProject;
			attributes = {
				LastUpgradeCheck = 0460;
			};
			buildConfigurationList = E4B69B4D0A3A1720003C02F2 /* Build configuration list for PBXProject "JagSkills" */;
			compatibilityVersion = "Xcode 3.2";
			developmentRegion = English;
			hasScannedForEncodings = 0;
			knownRegions = (
				English,
				Japanese,
				French,
				German,
			);
			mainGroup = E4B69B4A0A3A1720003C02F2;
			productRefGroup = E4B69B4A0A3A1720003C02F2;
			projectDirPath = "";
			projectReferences = (
				{
					ProductGroup = E4328144138ABC890047C5CB /* Products */;
					ProjectRef = E4328143138ABC890047C5CB /* openFrameworksLib.xcodeproj */;
				},
			);
			projectRoot = "";
			targets = (
				E4B69B5A0A3A1756003C02F2 /* JagSkills */,
			);
		};
/* End PBXProject section */

/* Begin PBXReferenceProxy section */
		E4328148138ABC890047C5CB /* openFrameworksDebug.a */ = {
			isa = PBXReferenceProxy;
			fileType = archive.ar;
			path = openFrameworksDebug.a;
			remoteRef = E4328147138ABC890047C5CB /* PBXContainerItemProxy */;
			sourceTree = BUILT_PRODUCTS_DIR;
		};
/* End PBXReferenceProxy section */

/* Begin PBXShellScriptBuildPhase section */
		E4B6FFFD0C3F9AB9008CF71C /* ShellScript */ = {
			isa = PBXShellScriptBuildPhase;
			buildActionMask = 2147483647;
			files = (
			);
			inputPaths = (
			);
			outputPaths = (
			);
			runOnlyForDeploymentPostprocessing = 0;
			shellPath = /bin/sh;
			shellScript = "cp -f ../../../libs/fmodex/lib/osx/libfmodex.dylib \"$TARGET_BUILD_DIR/$PRODUCT_NAME.app/Contents/MacOS/libfmodex.dylib\"; install_name_tool -change ./libfmodex.dylib @executable_path/libfmodex.dylib \"$TARGET_BUILD_DIR/$PRODUCT_NAME.app/Contents/MacOS/$PRODUCT_NAME\";\nmkdir -p \"$TARGET_BUILD_DIR/$PRODUCT_NAME.app/Contents/Resources/\"\ncp -f \"$ICON_FILE\" \"$TARGET_BUILD_DIR/$PRODUCT_NAME.app/Contents/Resources/\"\n";
		};
/* End PBXShellScriptBuildPhase section */

/* Begin PBXSourcesBuildPhase section */
		E4B69B580A3A1756003C02F2 /* Sources */ = {
			isa = PBXSourcesBuildPhase;
			buildActionMask = 2147483647;
			files = (
				2EB412FD18DF2801004A98AC /* Torso.h in Sources */,
				2EB412FE18DF2801004A98AC /* Abdomen.h in Sources */,
				2EB412FF18DF2801004A98AC /* Legs.h in Sources */,
				2EB4130018DF2801004A98AC /* UpperArm.h in Sources */,
				2EB4130118DF2801004A98AC /* Forearm.h in Sources */,
				2EB4130218DF2801004A98AC /* Hand.h in Sources */,
				2E9FD01B18DCCCE000625532 /* BodyPart.cpp in Sources */,
				2E9FD01C18DCCCE000625532 /* BodyPart.h in Sources */,
				2E42460418DA59C10051F595 /* testApp.h in Sources */,
				2E4E837218DA25E200DDDD35 /* KinectManager.cpp in Sources */,
				2E4E837318DA25E200DDDD35 /* KinectManager.h in Sources */,
				2E0A397B18DA1B15001A3068 /* Scene.cpp in Sources */,
				2E9FD02818DDDD2300625532 /* Abdomen.cpp in Sources */,
				2E0A397C18DA1B15001A3068 /* Scene.h in Sources */,
				2EFA89DA18D9294E0044D329 /* ofxUIScrollableCanvas.cpp in Sources */,
				2EFA89C018D9294E0044D329 /* ofxUIBiLabelSlider.cpp in Sources */,
				2EFA89C218D9294E0044D329 /* ofxUICanvas.cpp in Sources */,
				2EFA89D218D9294E0044D329 /* ofxUIMovingGraph.cpp in Sources */,
				2EFA89D118D9294E0044D329 /* ofxUIMinimalSlider.cpp in Sources */,
				2EFA89D718D9294E0044D329 /* ofxUIRangeSlider.cpp in Sources */,
				2EFA89CE18D9294E0044D329 /* ofxUILabel.cpp in Sources */,
				2EFA89D618D9294E0044D329 /* ofxUIRadio.cpp in Sources */,
				2EFA89C318D9294E0044D329 /* ofxUICircleSlider.cpp in Sources */,
				2E39E53718DE181800AE3200 /* UpperArm.cpp in Sources */,
				2EFA88D018D905790044D329 /* GUI.cpp in Sources */,
				2EFA88D118D905790044D329 /* GUI.h in Sources */,
				2EFA89C918D9294E0044D329 /* ofxUIImage.cpp in Sources */,
				2EFA89D418D9294E0044D329 /* ofxUIMultiImageToggle.cpp in Sources */,
				2EFA89DD18D9294E0044D329 /* ofxUISpacer.cpp in Sources */,
				2EFA88D218D905790044D329 /* GUIManager.cpp in Sources */,
				2EFA88D318D905790044D329 /* GUIManager.h in Sources */,
				2EFA88CC18D904700044D329 /* ofxSkeletonRecorder.cpp in Sources */,
				2EFA89CB18D9294E0044D329 /* ofxUIImageSampler.cpp in Sources */,
				2EFA89CC18D9294E0044D329 /* ofxUIImageSlider.cpp in Sources */,
				2E9FD01718DCC92200625532 /* ofxAssimpModelLoader.cpp in Sources */,
				2EFA88CD18D904700044D329 /* ofxSkeletonRecorder.h in Sources */,
				2EFA88C818D8FD550044D329 /* ofxXmlSettings.cpp in Sources */,
				2E0A397E18DA22E9001A3068 /* SkeletonDataObject.h in Sources */,
				2EFA89D518D9294E0044D329 /* ofxUINumberDialer.cpp in Sources */,
				2EFA89DC18D9294E0044D329 /* ofxUISortableList.cpp in Sources */,
				2EFA89C818D9294E0044D329 /* ofxUIFPSSlider.cpp in Sources */,
				2E9FD01F18DD183A00625532 /* Torso.cpp in Sources */,
				2EFA88C918D8FD550044D329 /* tinyxml.cpp in Sources */,
				2EFA89C118D9294E0044D329 /* ofxUIButton.cpp in Sources */,
				2E39E53D18DE66EB00AE3200 /* Hand.cpp in Sources */,
				2E39E53A18DE1E6900AE3200 /* Forearm.cpp in Sources */,
				2EFA89DE18D9294E0044D329 /* ofxUISpectrum.cpp in Sources */,
				2EFA89C718D9294E0044D329 /* ofxUIFPS.cpp in Sources */,
				2EFA89E818D9294E0044D329 /* ofxUIWidgetWithLabel.cpp in Sources */,
				2EFA89D018D9294E0044D329 /* ofxUILabelToggle.cpp in Sources */,
				E4B69E200A3A1BDC003C02F2 /* main.cpp in Sources */,
				2EFA89BE18D9294E0044D329 /* ofxUI2DPad.cpp in Sources */,
				2EFA89E518D9294E0044D329 /* ofxUIValuePlotter.cpp in Sources */,
				2EFA89CD18D9294E0044D329 /* ofxUIImageToggle.cpp in Sources */,
				2E9FD01518DCC92200625532 /* ofxAssimpAnimation.cpp in Sources */,
				2EFA89C518D9294E0044D329 /* ofxUIDropDownList.cpp in Sources */,
				2EFA89C618D9294E0044D329 /* ofxUIEventArgs.cpp in Sources */,
				2EFA88CA18D8FD550044D329 /* tinyxmlerror.cpp in Sources */,
				2EFA89E618D9294E0044D329 /* ofxUIWaveform.cpp in Sources */,
				2EFA89D918D9294E0044D329 /* ofxUIRotarySlider.cpp in Sources */,
				2EFA89E718D9294E0044D329 /* ofxUIWidget.cpp in Sources */,
				2E9FD01618DCC92200625532 /* ofxAssimpMeshHelper.cpp in Sources */,
				2EFA89E418D9294E0044D329 /* ofxUIToggleMatrix.cpp in Sources */,
				2EFA89E118D9294E0044D329 /* ofxUITextArea.cpp in Sources */,
				2EFA89DF18D9294E0044D329 /* ofxUISuperCanvas.cpp in Sources */,
				2EFA89DB18D9294E0044D329 /* ofxUISlider.cpp in Sources */,
				2EFA88CB18D8FD550044D329 /* tinyxmlparser.cpp in Sources */,
				2EFA89E018D9294E0044D329 /* ofxUITabBar.cpp in Sources */,
				2EFA89E218D9294E0044D329 /* ofxUITextInput.cpp in Sources */,
				2E9FD01818DCC92200625532 /* ofxAssimpTexture.cpp in Sources */,
				2EFA89BF18D9294E0044D329 /* ofxUIBaseDraws.cpp in Sources */,
				2EFA89E318D9294E0044D329 /* ofxUIToggle.cpp in Sources */,
				E4B69E210A3A1BDC003C02F2 /* testApp.cpp in Sources */,
				2EFA89D318D9294E0044D329 /* ofxUIMultiImageButton.cpp in Sources */,
				2EFA89D818D9294E0044D329 /* ofxUIRectangle.cpp in Sources */,
				2EFA89CA18D9294E0044D329 /* ofxUIImageButton.cpp in Sources */,
				2EFA89CF18D9294E0044D329 /* ofxUILabelButton.cpp in Sources */,
				2E39E53418DDF27C00AE3200 /* Legs.cpp in Sources */,
				2EFA89C418D9294E0044D329 /* ofxUIDragableLabelButton.cpp in Sources */,
				2EFA89BD18D9294E0044D329 /* ofxUI2DGraph.cpp in Sources */,
			);
			runOnlyForDeploymentPostprocessing = 0;
		};
/* End PBXSourcesBuildPhase section */

/* Begin PBXTargetDependency section */
		E4EEB9AC138B136A00A80321 /* PBXTargetDependency */ = {
			isa = PBXTargetDependency;
			name = openFrameworks;
			targetProxy = E4EEB9AB138B136A00A80321 /* PBXContainerItemProxy */;
		};
/* End PBXTargetDependency section */

/* Begin XCBuildConfiguration section */
		E4B69B4E0A3A1720003C02F2 /* Debug */ = {
			isa = XCBuildConfiguration;
			baseConfigurationReference = E4EB6923138AFD0F00A09F29 /* Project.xcconfig */;
			buildSettings = {
				ARCHS = "$(NATIVE_ARCH)";
				CONFIGURATION_BUILD_DIR = "$(SRCROOT)/bin/";
				COPY_PHASE_STRIP = NO;
				DEAD_CODE_STRIPPING = YES;
				GCC_AUTO_VECTORIZATION = YES;
				GCC_ENABLE_SSE3_EXTENSIONS = YES;
				GCC_ENABLE_SUPPLEMENTAL_SSE3_INSTRUCTIONS = YES;
				GCC_INLINES_ARE_PRIVATE_EXTERN = NO;
				GCC_OPTIMIZATION_LEVEL = 0;
				GCC_SYMBOLS_PRIVATE_EXTERN = NO;
				GCC_WARN_ABOUT_DEPRECATED_FUNCTIONS = YES;
				GCC_WARN_ABOUT_INVALID_OFFSETOF_MACRO = NO;
				GCC_WARN_ALLOW_INCOMPLETE_PROTOCOL = NO;
				GCC_WARN_UNINITIALIZED_AUTOS = NO;
				GCC_WARN_UNUSED_VALUE = NO;
				GCC_WARN_UNUSED_VARIABLE = NO;
				HEADER_SEARCH_PATHS = (
					"$(OF_CORE_HEADERS)",
					src,
				);
				MACOSX_DEPLOYMENT_TARGET = 10.6;
				OTHER_CPLUSPLUSFLAGS = (
					"-D__MACOSX_CORE__",
					"-lpthread",
					"-mtune=native",
				);
				SDKROOT = macosx;
			};
			name = Debug;
		};
		E4B69B4F0A3A1720003C02F2 /* Release */ = {
			isa = XCBuildConfiguration;
			baseConfigurationReference = E4EB6923138AFD0F00A09F29 /* Project.xcconfig */;
			buildSettings = {
				ARCHS = "$(NATIVE_ARCH)";
				CONFIGURATION_BUILD_DIR = "$(SRCROOT)/bin/";
				COPY_PHASE_STRIP = YES;
				DEAD_CODE_STRIPPING = YES;
				GCC_AUTO_VECTORIZATION = YES;
				GCC_ENABLE_SSE3_EXTENSIONS = YES;
				GCC_ENABLE_SUPPLEMENTAL_SSE3_INSTRUCTIONS = YES;
				GCC_INLINES_ARE_PRIVATE_EXTERN = NO;
				GCC_OPTIMIZATION_LEVEL = 3;
				GCC_SYMBOLS_PRIVATE_EXTERN = NO;
				GCC_UNROLL_LOOPS = YES;
				GCC_WARN_ABOUT_DEPRECATED_FUNCTIONS = YES;
				GCC_WARN_ABOUT_INVALID_OFFSETOF_MACRO = NO;
				GCC_WARN_ALLOW_INCOMPLETE_PROTOCOL = NO;
				GCC_WARN_UNINITIALIZED_AUTOS = NO;
				GCC_WARN_UNUSED_VALUE = NO;
				GCC_WARN_UNUSED_VARIABLE = NO;
				HEADER_SEARCH_PATHS = (
					"$(OF_CORE_HEADERS)",
					src,
				);
				MACOSX_DEPLOYMENT_TARGET = 10.6;
				OTHER_CPLUSPLUSFLAGS = (
					"-D__MACOSX_CORE__",
					"-lpthread",
					"-mtune=native",
				);
				SDKROOT = macosx;
			};
			name = Release;
		};
		E4B69B600A3A1757003C02F2 /* Debug */ = {
			isa = XCBuildConfiguration;
			buildSettings = {
				COMBINE_HIDPI_IMAGES = YES;
				COPY_PHASE_STRIP = NO;
				FRAMEWORK_SEARCH_PATHS = (
					"$(inherited)",
					"$(FRAMEWORK_SEARCH_PATHS_QUOTED_FOR_TARGET_1)",
				);
				FRAMEWORK_SEARCH_PATHS_QUOTED_FOR_TARGET_1 = "\"$(SRCROOT)/../../../libs/glut/lib/osx\"";
				GCC_DYNAMIC_NO_PIC = NO;
				GCC_GENERATE_DEBUGGING_SYMBOLS = YES;
				GCC_MODEL_TUNING = NONE;
				ICON = "$(ICON_NAME_DEBUG)";
				ICON_FILE = "$(ICON_FILE_PATH)$(ICON)";
				INFOPLIST_FILE = "openFrameworks-Info.plist";
				INSTALL_PATH = "$(HOME)/Applications";
				LIBRARY_SEARCH_PATHS = (
					"$(inherited)",
					"$(LIBRARY_SEARCH_PATHS_QUOTED_FOR_TARGET_1)",
					"$(LIBRARY_SEARCH_PATHS_QUOTED_FOR_TARGET_2)",
					"$(LIBRARY_SEARCH_PATHS_QUOTED_FOR_TARGET_3)",
					"$(LIBRARY_SEARCH_PATHS_QUOTED_FOR_TARGET_4)",
					"$(LIBRARY_SEARCH_PATHS_QUOTED_FOR_TARGET_5)",
					"$(LIBRARY_SEARCH_PATHS_QUOTED_FOR_TARGET_6)",
					"$(LIBRARY_SEARCH_PATHS_QUOTED_FOR_TARGET_7)",
					"$(LIBRARY_SEARCH_PATHS_QUOTED_FOR_TARGET_8)",
					"$(LIBRARY_SEARCH_PATHS_QUOTED_FOR_TARGET_9)",
					"$(LIBRARY_SEARCH_PATHS_QUOTED_FOR_TARGET_10)",
					"$(LIBRARY_SEARCH_PATHS_QUOTED_FOR_TARGET_11)",
					"$(LIBRARY_SEARCH_PATHS_QUOTED_FOR_TARGET_12)",
					"$(LIBRARY_SEARCH_PATHS_QUOTED_FOR_TARGET_13)",
					"$(LIBRARY_SEARCH_PATHS_QUOTED_FOR_TARGET_14)",
					"$(LIBRARY_SEARCH_PATHS_QUOTED_FOR_TARGET_15)",
					"$(LIBRARY_SEARCH_PATHS_QUOTED_FOR_TARGET_2)",
					"$(LIBRARY_SEARCH_PATHS_QUOTED_FOR_TARGET_3)",
					"$(LIBRARY_SEARCH_PATHS_QUOTED_FOR_TARGET_7)",
					"$(LIBRARY_SEARCH_PATHS_QUOTED_FOR_TARGET_8)",
					"$(LIBRARY_SEARCH_PATHS_QUOTED_FOR_TARGET_9)",
					"$(LIBRARY_SEARCH_PATHS_QUOTED_FOR_TARGET_10)",
					"$(LIBRARY_SEARCH_PATHS_QUOTED_FOR_TARGET_11)",
					"$(LIBRARY_SEARCH_PATHS_QUOTED_FOR_TARGET_12)",
					"$(LIBRARY_SEARCH_PATHS_QUOTED_FOR_TARGET_13)",
					"$(LIBRARY_SEARCH_PATHS_QUOTED_FOR_TARGET_16)",
					"$(LIBRARY_SEARCH_PATHS_QUOTED_FOR_TARGET_17)",
					"$(LIBRARY_SEARCH_PATHS_QUOTED_FOR_TARGET_18)",
					"$(LIBRARY_SEARCH_PATHS_QUOTED_FOR_TARGET_19)",
					"$(LIBRARY_SEARCH_PATHS_QUOTED_FOR_TARGET_20)",
					"$(LIBRARY_SEARCH_PATHS_QUOTED_FOR_TARGET_21)",
					"$(LIBRARY_SEARCH_PATHS_QUOTED_FOR_TARGET_22)",
					"$(LIBRARY_SEARCH_PATHS_QUOTED_FOR_TARGET_23)",
					"$(LIBRARY_SEARCH_PATHS_QUOTED_FOR_TARGET_24)",
					"$(LIBRARY_SEARCH_PATHS_QUOTED_FOR_TARGET_25)",
					"$(LIBRARY_SEARCH_PATHS_QUOTED_FOR_TARGET_26)",
					"$(LIBRARY_SEARCH_PATHS_QUOTED_FOR_TARGET_27)",
					"$(LIBRARY_SEARCH_PATHS_QUOTED_FOR_TARGET_28)",
					"$(LIBRARY_SEARCH_PATHS_QUOTED_FOR_TARGET_29)",
					"$(LIBRARY_SEARCH_PATHS_QUOTED_FOR_TARGET_30)",
					"$(LIBRARY_SEARCH_PATHS_QUOTED_FOR_TARGET_31)",
					"$(LIBRARY_SEARCH_PATHS_QUOTED_FOR_TARGET_32)",
					"$(LIBRARY_SEARCH_PATHS_QUOTED_FOR_TARGET_33)",
					"$(LIBRARY_SEARCH_PATHS_QUOTED_FOR_TARGET_34)",
					"$(LIBRARY_SEARCH_PATHS_QUOTED_FOR_TARGET_35)",
					"$(LIBRARY_SEARCH_PATHS_QUOTED_FOR_TARGET_36)",
					"$(LIBRARY_SEARCH_PATHS_QUOTED_FOR_TARGET_37)",
					"$(LIBRARY_SEARCH_PATHS_QUOTED_FOR_TARGET_38)",
					"$(LIBRARY_SEARCH_PATHS_QUOTED_FOR_TARGET_39)",
					"$(LIBRARY_SEARCH_PATHS_QUOTED_FOR_TARGET_40)",
					"$(LIBRARY_SEARCH_PATHS_QUOTED_FOR_TARGET_41)",
					"$(LIBRARY_SEARCH_PATHS_QUOTED_FOR_TARGET_42)",
					"$(LIBRARY_SEARCH_PATHS_QUOTED_FOR_TARGET_43)",
					"$(LIBRARY_SEARCH_PATHS_QUOTED_FOR_TARGET_44)",
					"$(LIBRARY_SEARCH_PATHS_QUOTED_FOR_TARGET_45)",
					"$(LIBRARY_SEARCH_PATHS_QUOTED_FOR_TARGET_46)",
					"$(LIBRARY_SEARCH_PATHS_QUOTED_FOR_TARGET_47)",
					"$(LIBRARY_SEARCH_PATHS_QUOTED_FOR_TARGET_48)",
					"$(LIBRARY_SEARCH_PATHS_QUOTED_FOR_TARGET_49)",
					"$(LIBRARY_SEARCH_PATHS_QUOTED_FOR_TARGET_50)",
					"$(LIBRARY_SEARCH_PATHS_QUOTED_FOR_TARGET_51)",
					"$(LIBRARY_SEARCH_PATHS_QUOTED_FOR_TARGET_52)",
					/Users/jamesalliban/Work/Lab/of_v0.8.0_osx_release/addons/ofxAssimpModelLoader/libs/assimp/lib/osx,
				);
				PRODUCT_NAME = JagSkillsDebug;
				WRAPPER_EXTENSION = app;
			};
			name = Debug;
		};
		E4B69B610A3A1757003C02F2 /* Release */ = {
			isa = XCBuildConfiguration;
			buildSettings = {
				COMBINE_HIDPI_IMAGES = YES;
				COPY_PHASE_STRIP = YES;
				FRAMEWORK_SEARCH_PATHS = (
					"$(inherited)",
					"$(FRAMEWORK_SEARCH_PATHS_QUOTED_FOR_TARGET_1)",
				);
				FRAMEWORK_SEARCH_PATHS_QUOTED_FOR_TARGET_1 = "\"$(SRCROOT)/../../../libs/glut/lib/osx\"";
				GCC_GENERATE_DEBUGGING_SYMBOLS = YES;
				GCC_MODEL_TUNING = NONE;
				ICON = "$(ICON_NAME_RELEASE)";
				ICON_FILE = "$(ICON_FILE_PATH)$(ICON)";
				INFOPLIST_FILE = "openFrameworks-Info.plist";
				INSTALL_PATH = "$(HOME)/Applications";
				LIBRARY_SEARCH_PATHS = (
					"$(inherited)",
					"$(LIBRARY_SEARCH_PATHS_QUOTED_FOR_TARGET_1)",
					"$(LIBRARY_SEARCH_PATHS_QUOTED_FOR_TARGET_2)",
					"$(LIBRARY_SEARCH_PATHS_QUOTED_FOR_TARGET_3)",
					"$(LIBRARY_SEARCH_PATHS_QUOTED_FOR_TARGET_4)",
					"$(LIBRARY_SEARCH_PATHS_QUOTED_FOR_TARGET_5)",
					"$(LIBRARY_SEARCH_PATHS_QUOTED_FOR_TARGET_6)",
					"$(LIBRARY_SEARCH_PATHS_QUOTED_FOR_TARGET_7)",
					"$(LIBRARY_SEARCH_PATHS_QUOTED_FOR_TARGET_8)",
					"$(LIBRARY_SEARCH_PATHS_QUOTED_FOR_TARGET_9)",
					"$(LIBRARY_SEARCH_PATHS_QUOTED_FOR_TARGET_10)",
					"$(LIBRARY_SEARCH_PATHS_QUOTED_FOR_TARGET_11)",
					"$(LIBRARY_SEARCH_PATHS_QUOTED_FOR_TARGET_12)",
					"$(LIBRARY_SEARCH_PATHS_QUOTED_FOR_TARGET_13)",
					"$(LIBRARY_SEARCH_PATHS_QUOTED_FOR_TARGET_14)",
					"$(LIBRARY_SEARCH_PATHS_QUOTED_FOR_TARGET_15)",
					"$(LIBRARY_SEARCH_PATHS_QUOTED_FOR_TARGET_2)",
					"$(LIBRARY_SEARCH_PATHS_QUOTED_1)",
					"$(LIBRARY_SEARCH_PATHS_QUOTED_FOR_TARGET_3)",
					"$(LIBRARY_SEARCH_PATHS_QUOTED_FOR_TARGET_7)",
					"$(LIBRARY_SEARCH_PATHS_QUOTED_FOR_TARGET_8)",
					"$(LIBRARY_SEARCH_PATHS_QUOTED_FOR_TARGET_9)",
					"$(LIBRARY_SEARCH_PATHS_QUOTED_FOR_TARGET_10)",
					"$(LIBRARY_SEARCH_PATHS_QUOTED_FOR_TARGET_11)",
					"$(LIBRARY_SEARCH_PATHS_QUOTED_FOR_TARGET_12)",
					"$(LIBRARY_SEARCH_PATHS_QUOTED_FOR_TARGET_13)",
					"$(LIBRARY_SEARCH_PATHS_QUOTED_FOR_TARGET_16)",
					"$(LIBRARY_SEARCH_PATHS_QUOTED_FOR_TARGET_17)",
					"$(LIBRARY_SEARCH_PATHS_QUOTED_FOR_TARGET_18)",
					"$(LIBRARY_SEARCH_PATHS_QUOTED_FOR_TARGET_19)",
					"$(LIBRARY_SEARCH_PATHS_QUOTED_FOR_TARGET_20)",
					"$(LIBRARY_SEARCH_PATHS_QUOTED_FOR_TARGET_21)",
					"$(LIBRARY_SEARCH_PATHS_QUOTED_FOR_TARGET_22)",
					"$(LIBRARY_SEARCH_PATHS_QUOTED_FOR_TARGET_23)",
					"$(LIBRARY_SEARCH_PATHS_QUOTED_FOR_TARGET_24)",
					"$(LIBRARY_SEARCH_PATHS_QUOTED_FOR_TARGET_25)",
					"$(LIBRARY_SEARCH_PATHS_QUOTED_FOR_TARGET_26)",
					"$(LIBRARY_SEARCH_PATHS_QUOTED_FOR_TARGET_27)",
					"$(LIBRARY_SEARCH_PATHS_QUOTED_FOR_TARGET_28)",
					"$(LIBRARY_SEARCH_PATHS_QUOTED_FOR_TARGET_29)",
					"$(LIBRARY_SEARCH_PATHS_QUOTED_FOR_TARGET_30)",
					"$(LIBRARY_SEARCH_PATHS_QUOTED_FOR_TARGET_31)",
					"$(LIBRARY_SEARCH_PATHS_QUOTED_FOR_TARGET_32)",
					"$(LIBRARY_SEARCH_PATHS_QUOTED_FOR_TARGET_33)",
					"$(LIBRARY_SEARCH_PATHS_QUOTED_FOR_TARGET_34)",
					"$(LIBRARY_SEARCH_PATHS_QUOTED_FOR_TARGET_35)",
					"$(LIBRARY_SEARCH_PATHS_QUOTED_FOR_TARGET_36)",
					"$(LIBRARY_SEARCH_PATHS_QUOTED_FOR_TARGET_37)",
					"$(LIBRARY_SEARCH_PATHS_QUOTED_FOR_TARGET_38)",
					"$(LIBRARY_SEARCH_PATHS_QUOTED_FOR_TARGET_39)",
					"$(LIBRARY_SEARCH_PATHS_QUOTED_FOR_TARGET_40)",
					"$(LIBRARY_SEARCH_PATHS_QUOTED_FOR_TARGET_41)",
					"$(LIBRARY_SEARCH_PATHS_QUOTED_FOR_TARGET_42)",
					"$(LIBRARY_SEARCH_PATHS_QUOTED_FOR_TARGET_43)",
					"$(LIBRARY_SEARCH_PATHS_QUOTED_FOR_TARGET_44)",
					"$(LIBRARY_SEARCH_PATHS_QUOTED_FOR_TARGET_45)",
					"$(LIBRARY_SEARCH_PATHS_QUOTED_FOR_TARGET_46)",
					"$(LIBRARY_SEARCH_PATHS_QUOTED_FOR_TARGET_47)",
					"$(LIBRARY_SEARCH_PATHS_QUOTED_FOR_TARGET_48)",
					"$(LIBRARY_SEARCH_PATHS_QUOTED_FOR_TARGET_49)",
					"$(LIBRARY_SEARCH_PATHS_QUOTED_FOR_TARGET_50)",
					"$(LIBRARY_SEARCH_PATHS_QUOTED_FOR_TARGET_51)",
					/Users/jamesalliban/Work/Lab/of_v0.8.0_osx_release/addons/ofxAssimpModelLoader/libs/assimp/lib/osx,
				);
				PRODUCT_NAME = JagSkills;
				WRAPPER_EXTENSION = app;
			};
			name = Release;
		};
/* End XCBuildConfiguration section */

/* Begin XCConfigurationList section */
		E4B69B4D0A3A1720003C02F2 /* Build configuration list for PBXProject "JagSkills" */ = {
			isa = XCConfigurationList;
			buildConfigurations = (
				E4B69B4E0A3A1720003C02F2 /* Debug */,
				E4B69B4F0A3A1720003C02F2 /* Release */,
			);
			defaultConfigurationIsVisible = 0;
			defaultConfigurationName = Release;
		};
		E4B69B5F0A3A1757003C02F2 /* Build configuration list for PBXNativeTarget "JagSkills" */ = {
			isa = XCConfigurationList;
			buildConfigurations = (
				E4B69B600A3A1757003C02F2 /* Debug */,
				E4B69B610A3A1757003C02F2 /* Release */,
			);
			defaultConfigurationIsVisible = 0;
			defaultConfigurationName = Release;
		};
/* End XCConfigurationList section */
	};
	rootObject = E4B69B4C0A3A1720003C02F2 /* Project object */;
}
